// !$*UTF8*$!
{
	archiveVersion = 1;
	classes = {
	};
	objectVersion = 55;
	objects = {

/* Begin PBXBuildFile section */
		2F1AF75D2807EABE00E0F64C /* PostEntity.swift in Sources */ = {isa = PBXBuildFile; fileRef = 2F1AF75C2807EABE00E0F64C /* PostEntity.swift */; };
		2F1AF7612807EEBD00E0F64C /* PostRequest.swift in Sources */ = {isa = PBXBuildFile; fileRef = 2F1AF7602807EEBD00E0F64C /* PostRequest.swift */; };
		2F1AF7632807EFE000E0F64C /* BaseResponseEntity.swift in Sources */ = {isa = PBXBuildFile; fileRef = 2F1AF7622807EFE000E0F64C /* BaseResponseEntity.swift */; };
		2FB860822807334000A2AA69 /* Data.docc in Sources */ = {isa = PBXBuildFile; fileRef = 2FB860812807334000A2AA69 /* Data.docc */; };
		2FB860832807334000A2AA69 /* Data.h in Headers */ = {isa = PBXBuildFile; fileRef = 2FB860802807334000A2AA69 /* Data.h */; settings = {ATTRIBUTES = (Public, ); }; };
		2FB860932807351D00A2AA69 /* Alamofire in Frameworks */ = {isa = PBXBuildFile; productRef = 2FB860922807351D00A2AA69 /* Alamofire */; };
		2FB8609A2807361500A2AA69 /* UserRepository.swift in Sources */ = {isa = PBXBuildFile; fileRef = 2FB860992807361500A2AA69 /* UserRepository.swift */; };
		2FB8609C2807363900A2AA69 /* StorageRepository.swift in Sources */ = {isa = PBXBuildFile; fileRef = 2FB8609B2807363900A2AA69 /* StorageRepository.swift */; };
		2FB8609E2807366600A2AA69 /* ClassFamily.swift in Sources */ = {isa = PBXBuildFile; fileRef = 2FB8609D2807366600A2AA69 /* ClassFamily.swift */; };
		2FB860A4280736A700A2AA69 /* Key.swift in Sources */ = {isa = PBXBuildFile; fileRef = 2FB860A3280736A700A2AA69 /* Key.swift */; };
		2FB860A6280736C500A2AA69 /* ItemSec.swift in Sources */ = {isa = PBXBuildFile; fileRef = 2FB860A5280736C500A2AA69 /* ItemSec.swift */; };
		2FB860A8280736E200A2AA69 /* LevelAccesibility.swift in Sources */ = {isa = PBXBuildFile; fileRef = 2FB860A7280736E200A2AA69 /* LevelAccesibility.swift */; };
		2FB860AA280736F300A2AA69 /* UserDefaultsWrapper.swift in Sources */ = {isa = PBXBuildFile; fileRef = 2FB860A9280736F300A2AA69 /* UserDefaultsWrapper.swift */; };
		2FB860AC2807370D00A2AA69 /* Storage.swift in Sources */ = {isa = PBXBuildFile; fileRef = 2FB860AB2807370D00A2AA69 /* Storage.swift */; };
		2FB860AE2807372200A2AA69 /* KeychainWrapper.swift in Sources */ = {isa = PBXBuildFile; fileRef = 2FB860AD2807372200A2AA69 /* KeychainWrapper.swift */; };
		2FB860B02807374300A2AA69 /* KeychainAccesibility.swift in Sources */ = {isa = PBXBuildFile; fileRef = 2FB860AF2807374300A2AA69 /* KeychainAccesibility.swift */; };
		2FB860B22807376500A2AA69 /* GenericParser.swift in Sources */ = {isa = PBXBuildFile; fileRef = 2FB860B12807376500A2AA69 /* GenericParser.swift */; };
		2FB860B42807377900A2AA69 /* AuthToken.swift in Sources */ = {isa = PBXBuildFile; fileRef = 2FB860B32807377900A2AA69 /* AuthToken.swift */; };
		2FB860B8280737AC00A2AA69 /* StorageDatasource.swift in Sources */ = {isa = PBXBuildFile; fileRef = 2FB860B7280737AC00A2AA69 /* StorageDatasource.swift */; };
		2FB860BA2807380000A2AA69 /* StorageDatasourceImplementation.swift in Sources */ = {isa = PBXBuildFile; fileRef = 2FB860B92807380000A2AA69 /* StorageDatasourceImplementation.swift */; };
		2FB860C228073C0D00A2AA69 /* ServiceDatasource.swift in Sources */ = {isa = PBXBuildFile; fileRef = 2FB860C128073C0D00A2AA69 /* ServiceDatasource.swift */; };
		2FB860C428073C3B00A2AA69 /* ServiceDatasourceProtocol.swift in Sources */ = {isa = PBXBuildFile; fileRef = 2FB860C328073C3B00A2AA69 /* ServiceDatasourceProtocol.swift */; };
		2FB860C628073C4D00A2AA69 /* RequestProtocol.swift in Sources */ = {isa = PBXBuildFile; fileRef = 2FB860C528073C4D00A2AA69 /* RequestProtocol.swift */; };
		2FB860CC28073C8A00A2AA69 /* ServiceReponseHandler.swift in Sources */ = {isa = PBXBuildFile; fileRef = 2FB860CB28073C8A00A2AA69 /* ServiceReponseHandler.swift */; };
		2FB860CE28073C9F00A2AA69 /* ServiceErrorHandler.swift in Sources */ = {isa = PBXBuildFile; fileRef = 2FB860CD28073C9F00A2AA69 /* ServiceErrorHandler.swift */; };
		2FB860D028073CB100A2AA69 /* HttpErrorHandler.swift in Sources */ = {isa = PBXBuildFile; fileRef = 2FB860CF28073CB100A2AA69 /* HttpErrorHandler.swift */; };
		2FB860D228073CC300A2AA69 /* HttpError.swift in Sources */ = {isa = PBXBuildFile; fileRef = 2FB860D128073CC300A2AA69 /* HttpError.swift */; };
		2FB860D428073CD500A2AA69 /* ServiceError.swift in Sources */ = {isa = PBXBuildFile; fileRef = 2FB860D328073CD500A2AA69 /* ServiceError.swift */; };
		2FB860D628073D9E00A2AA69 /* Rechability.swift in Sources */ = {isa = PBXBuildFile; fileRef = 2FB860D528073D9E00A2AA69 /* Rechability.swift */; };
		2FB860D828073DB400A2AA69 /* TimberjackHelper.swift in Sources */ = {isa = PBXBuildFile; fileRef = 2FB860D728073DB400A2AA69 /* TimberjackHelper.swift */; };
		2FB860DA28073DCC00A2AA69 /* Configuration.swift in Sources */ = {isa = PBXBuildFile; fileRef = 2FB860D928073DCC00A2AA69 /* Configuration.swift */; };
		2FB860DC28073DDD00A2AA69 /* Environment.swift in Sources */ = {isa = PBXBuildFile; fileRef = 2FB860DB28073DDD00A2AA69 /* Environment.swift */; };
/* End PBXBuildFile section */

/* Begin PBXFileReference section */
		2F1AF75C2807EABE00E0F64C /* PostEntity.swift */ = {isa = PBXFileReference; lastKnownFileType = sourcecode.swift; path = PostEntity.swift; sourceTree = "<group>"; };
		2F1AF7602807EEBD00E0F64C /* PostRequest.swift */ = {isa = PBXFileReference; lastKnownFileType = sourcecode.swift; path = PostRequest.swift; sourceTree = "<group>"; };
		2F1AF7622807EFE000E0F64C /* BaseResponseEntity.swift */ = {isa = PBXFileReference; lastKnownFileType = sourcecode.swift; path = BaseResponseEntity.swift; sourceTree = "<group>"; };
		2FB8607D2807334000A2AA69 /* Data.framework */ = {isa = PBXFileReference; explicitFileType = wrapper.framework; includeInIndex = 0; path = Data.framework; sourceTree = BUILT_PRODUCTS_DIR; };
		2FB860802807334000A2AA69 /* Data.h */ = {isa = PBXFileReference; lastKnownFileType = sourcecode.c.h; path = Data.h; sourceTree = "<group>"; };
		2FB860812807334000A2AA69 /* Data.docc */ = {isa = PBXFileReference; lastKnownFileType = folder.documentationcatalog; path = Data.docc; sourceTree = "<group>"; };
		2FB860992807361500A2AA69 /* UserRepository.swift */ = {isa = PBXFileReference; lastKnownFileType = sourcecode.swift; path = UserRepository.swift; sourceTree = "<group>"; };
		2FB8609B2807363900A2AA69 /* StorageRepository.swift */ = {isa = PBXFileReference; lastKnownFileType = sourcecode.swift; path = StorageRepository.swift; sourceTree = "<group>"; };
		2FB8609D2807366600A2AA69 /* ClassFamily.swift */ = {isa = PBXFileReference; lastKnownFileType = sourcecode.swift; path = ClassFamily.swift; sourceTree = "<group>"; };
		2FB860A3280736A700A2AA69 /* Key.swift */ = {isa = PBXFileReference; lastKnownFileType = sourcecode.swift; path = Key.swift; sourceTree = "<group>"; };
		2FB860A5280736C500A2AA69 /* ItemSec.swift */ = {isa = PBXFileReference; lastKnownFileType = sourcecode.swift; path = ItemSec.swift; sourceTree = "<group>"; };
		2FB860A7280736E200A2AA69 /* LevelAccesibility.swift */ = {isa = PBXFileReference; lastKnownFileType = sourcecode.swift; path = LevelAccesibility.swift; sourceTree = "<group>"; };
		2FB860A9280736F300A2AA69 /* UserDefaultsWrapper.swift */ = {isa = PBXFileReference; lastKnownFileType = sourcecode.swift; path = UserDefaultsWrapper.swift; sourceTree = "<group>"; };
		2FB860AB2807370D00A2AA69 /* Storage.swift */ = {isa = PBXFileReference; lastKnownFileType = sourcecode.swift; path = Storage.swift; sourceTree = "<group>"; };
		2FB860AD2807372200A2AA69 /* KeychainWrapper.swift */ = {isa = PBXFileReference; lastKnownFileType = sourcecode.swift; path = KeychainWrapper.swift; sourceTree = "<group>"; };
		2FB860AF2807374300A2AA69 /* KeychainAccesibility.swift */ = {isa = PBXFileReference; lastKnownFileType = sourcecode.swift; path = KeychainAccesibility.swift; sourceTree = "<group>"; };
		2FB860B12807376500A2AA69 /* GenericParser.swift */ = {isa = PBXFileReference; lastKnownFileType = sourcecode.swift; path = GenericParser.swift; sourceTree = "<group>"; };
		2FB860B32807377900A2AA69 /* AuthToken.swift */ = {isa = PBXFileReference; lastKnownFileType = sourcecode.swift; path = AuthToken.swift; sourceTree = "<group>"; };
		2FB860B7280737AC00A2AA69 /* StorageDatasource.swift */ = {isa = PBXFileReference; lastKnownFileType = sourcecode.swift; path = StorageDatasource.swift; sourceTree = "<group>"; };
		2FB860B92807380000A2AA69 /* StorageDatasourceImplementation.swift */ = {isa = PBXFileReference; lastKnownFileType = sourcecode.swift; path = StorageDatasourceImplementation.swift; sourceTree = "<group>"; };
		2FB860C128073C0D00A2AA69 /* ServiceDatasource.swift */ = {isa = PBXFileReference; lastKnownFileType = sourcecode.swift; path = ServiceDatasource.swift; sourceTree = "<group>"; };
		2FB860C328073C3B00A2AA69 /* ServiceDatasourceProtocol.swift */ = {isa = PBXFileReference; lastKnownFileType = sourcecode.swift; path = ServiceDatasourceProtocol.swift; sourceTree = "<group>"; };
		2FB860C528073C4D00A2AA69 /* RequestProtocol.swift */ = {isa = PBXFileReference; lastKnownFileType = sourcecode.swift; path = RequestProtocol.swift; sourceTree = "<group>"; };
		2FB860CB28073C8A00A2AA69 /* ServiceReponseHandler.swift */ = {isa = PBXFileReference; lastKnownFileType = sourcecode.swift; path = ServiceReponseHandler.swift; sourceTree = "<group>"; };
		2FB860CD28073C9F00A2AA69 /* ServiceErrorHandler.swift */ = {isa = PBXFileReference; lastKnownFileType = sourcecode.swift; path = ServiceErrorHandler.swift; sourceTree = "<group>"; };
		2FB860CF28073CB100A2AA69 /* HttpErrorHandler.swift */ = {isa = PBXFileReference; lastKnownFileType = sourcecode.swift; path = HttpErrorHandler.swift; sourceTree = "<group>"; };
		2FB860D128073CC300A2AA69 /* HttpError.swift */ = {isa = PBXFileReference; lastKnownFileType = sourcecode.swift; path = HttpError.swift; sourceTree = "<group>"; };
		2FB860D328073CD500A2AA69 /* ServiceError.swift */ = {isa = PBXFileReference; lastKnownFileType = sourcecode.swift; path = ServiceError.swift; sourceTree = "<group>"; };
		2FB860D528073D9E00A2AA69 /* Rechability.swift */ = {isa = PBXFileReference; lastKnownFileType = sourcecode.swift; path = Rechability.swift; sourceTree = "<group>"; };
		2FB860D728073DB400A2AA69 /* TimberjackHelper.swift */ = {isa = PBXFileReference; lastKnownFileType = sourcecode.swift; path = TimberjackHelper.swift; sourceTree = "<group>"; };
		2FB860D928073DCC00A2AA69 /* Configuration.swift */ = {isa = PBXFileReference; lastKnownFileType = sourcecode.swift; path = Configuration.swift; sourceTree = "<group>"; };
		2FB860DB28073DDD00A2AA69 /* Environment.swift */ = {isa = PBXFileReference; lastKnownFileType = sourcecode.swift; path = Environment.swift; sourceTree = "<group>"; };
/* End PBXFileReference section */

/* Begin PBXFrameworksBuildPhase section */
		2FB8607A2807334000A2AA69 /* Frameworks */ = {
			isa = PBXFrameworksBuildPhase;
			buildActionMask = 2147483647;
			files = (
				2FB860932807351D00A2AA69 /* Alamofire in Frameworks */,
			);
			runOnlyForDeploymentPostprocessing = 0;
		};
/* End PBXFrameworksBuildPhase section */

/* Begin PBXGroup section */
		2FB860732807334000A2AA69 = {
			isa = PBXGroup;
			children = (
				2FB8607F2807334000A2AA69 /* Data */,
				2FB8607E2807334000A2AA69 /* Products */,
			);
			sourceTree = "<group>";
		};
		2FB8607E2807334000A2AA69 /* Products */ = {
			isa = PBXGroup;
			children = (
				2FB8607D2807334000A2AA69 /* Data.framework */,
			);
			name = Products;
			sourceTree = "<group>";
		};
		2FB8607F2807334000A2AA69 /* Data */ = {
			isa = PBXGroup;
			children = (
				2FB86097280735E200A2AA69 /* Repository */,
				2FB86096280735DE00A2AA69 /* Entity */,
				2FB86095280735D900A2AA69 /* Util */,
				2FB86094280735D200A2AA69 /* Datasource */,
				2FB860802807334000A2AA69 /* Data.h */,
				2FB860812807334000A2AA69 /* Data.docc */,
			);
			path = Data;
			sourceTree = "<group>";
		};
		2FB86094280735D200A2AA69 /* Datasource */ = {
			isa = PBXGroup;
			children = (
				2FB860B62807379800A2AA69 /* Storage */,
				2FB860B52807379200A2AA69 /* Network */,
			);
			path = Datasource;
			sourceTree = "<group>";
		};
		2FB86095280735D900A2AA69 /* Util */ = {
			isa = PBXGroup;
			children = (
				2FB860A22807369700A2AA69 /* ParserHeader */,
				2FB860A12807369100A2AA69 /* ParserCodable */,
				2FB860A02807368A00A2AA69 /* Keychain */,
				2FB8609F2807368600A2AA69 /* Keys */,
			);
			path = Util;
			sourceTree = "<group>";
		};
		2FB86096280735DE00A2AA69 /* Entity */ = {
			isa = PBXGroup;
			children = (
				2FB8609D2807366600A2AA69 /* ClassFamily.swift */,
				2F1AF75C2807EABE00E0F64C /* PostEntity.swift */,
				2F1AF7622807EFE000E0F64C /* BaseResponseEntity.swift */,
			);
			path = Entity;
			sourceTree = "<group>";
		};
		2FB86097280735E200A2AA69 /* Repository */ = {
			isa = PBXGroup;
			children = (
				2FB860982807360500A2AA69 /* User */,
				2FB8609B2807363900A2AA69 /* StorageRepository.swift */,
			);
			path = Repository;
			sourceTree = "<group>";
		};
		2FB860982807360500A2AA69 /* User */ = {
			isa = PBXGroup;
			children = (
				2FB860992807361500A2AA69 /* UserRepository.swift */,
			);
			path = User;
			sourceTree = "<group>";
		};
		2FB8609F2807368600A2AA69 /* Keys */ = {
			isa = PBXGroup;
			children = (
				2FB860A3280736A700A2AA69 /* Key.swift */,
			);
			path = Keys;
			sourceTree = "<group>";
		};
		2FB860A02807368A00A2AA69 /* Keychain */ = {
			isa = PBXGroup;
			children = (
				2FB860A5280736C500A2AA69 /* ItemSec.swift */,
				2FB860A7280736E200A2AA69 /* LevelAccesibility.swift */,
				2FB860A9280736F300A2AA69 /* UserDefaultsWrapper.swift */,
				2FB860AB2807370D00A2AA69 /* Storage.swift */,
				2FB860AD2807372200A2AA69 /* KeychainWrapper.swift */,
				2FB860AF2807374300A2AA69 /* KeychainAccesibility.swift */,
			);
			path = Keychain;
			sourceTree = "<group>";
		};
		2FB860A12807369100A2AA69 /* ParserCodable */ = {
			isa = PBXGroup;
			children = (
				2FB860B12807376500A2AA69 /* GenericParser.swift */,
			);
			path = ParserCodable;
			sourceTree = "<group>";
		};
		2FB860A22807369700A2AA69 /* ParserHeader */ = {
			isa = PBXGroup;
			children = (
				2FB860B32807377900A2AA69 /* AuthToken.swift */,
			);
			path = ParserHeader;
			sourceTree = "<group>";
		};
		2FB860B52807379200A2AA69 /* Network */ = {
			isa = PBXGroup;
			children = (
				2FB860C028073A7400A2AA69 /* Setup */,
				2FB860BF28073A6900A2AA69 /* Rechability */,
				2FB860BE28073A6100A2AA69 /* Responses */,
				2FB860BD28073A5B00A2AA69 /* Request */,
				2FB860BC28073A5600A2AA69 /* Protocols */,
				2FB860BB28073A4E00A2AA69 /* Implementation */,
			);
			path = Network;
			sourceTree = "<group>";
		};
		2FB860B62807379800A2AA69 /* Storage */ = {
			isa = PBXGroup;
			children = (
				2FB860B7280737AC00A2AA69 /* StorageDatasource.swift */,
				2FB860B92807380000A2AA69 /* StorageDatasourceImplementation.swift */,
			);
			path = Storage;
			sourceTree = "<group>";
		};
		2FB860BB28073A4E00A2AA69 /* Implementation */ = {
			isa = PBXGroup;
			children = (
				2FB860C128073C0D00A2AA69 /* ServiceDatasource.swift */,
			);
			path = Implementation;
			sourceTree = "<group>";
		};
		2FB860BC28073A5600A2AA69 /* Protocols */ = {
			isa = PBXGroup;
			children = (
				2FB860C328073C3B00A2AA69 /* ServiceDatasourceProtocol.swift */,
			);
			path = Protocols;
			sourceTree = "<group>";
		};
		2FB860BD28073A5B00A2AA69 /* Request */ = {
			isa = PBXGroup;
			children = (
				2FB860C528073C4D00A2AA69 /* RequestProtocol.swift */,
				2F1AF7602807EEBD00E0F64C /* PostRequest.swift */,
			);
			path = Request;
			sourceTree = "<group>";
		};
		2FB860BE28073A6100A2AA69 /* Responses */ = {
			isa = PBXGroup;
			children = (
				2FB860C828073C6700A2AA69 /* Error */,
				2FB860C728073C6100A2AA69 /* Success */,
			);
			path = Responses;
			sourceTree = "<group>";
		};
		2FB860BF28073A6900A2AA69 /* Rechability */ = {
			isa = PBXGroup;
			children = (
				2FB860D528073D9E00A2AA69 /* Rechability.swift */,
			);
			path = Rechability;
			sourceTree = "<group>";
		};
		2FB860C028073A7400A2AA69 /* Setup */ = {
			isa = PBXGroup;
			children = (
				2FB860D728073DB400A2AA69 /* TimberjackHelper.swift */,
				2FB860D928073DCC00A2AA69 /* Configuration.swift */,
				2FB860DB28073DDD00A2AA69 /* Environment.swift */,
			);
			path = Setup;
			sourceTree = "<group>";
		};
		2FB860C728073C6100A2AA69 /* Success */ = {
			isa = PBXGroup;
			children = (
				2FB860C928073C7000A2AA69 /* Handlers */,
			);
			path = Success;
			sourceTree = "<group>";
		};
		2FB860C828073C6700A2AA69 /* Error */ = {
			isa = PBXGroup;
			children = (
				2FB860CA28073C7500A2AA69 /* Handlers */,
				2FB860D128073CC300A2AA69 /* HttpError.swift */,
				2FB860D328073CD500A2AA69 /* ServiceError.swift */,
			);
			path = Error;
			sourceTree = "<group>";
		};
		2FB860C928073C7000A2AA69 /* Handlers */ = {
			isa = PBXGroup;
			children = (
				2FB860CB28073C8A00A2AA69 /* ServiceReponseHandler.swift */,
			);
			path = Handlers;
			sourceTree = "<group>";
		};
		2FB860CA28073C7500A2AA69 /* Handlers */ = {
			isa = PBXGroup;
			children = (
				2FB860CD28073C9F00A2AA69 /* ServiceErrorHandler.swift */,
				2FB860CF28073CB100A2AA69 /* HttpErrorHandler.swift */,
			);
			path = Handlers;
			sourceTree = "<group>";
		};
/* End PBXGroup section */

/* Begin PBXHeadersBuildPhase section */
		2FB860782807334000A2AA69 /* Headers */ = {
			isa = PBXHeadersBuildPhase;
			buildActionMask = 2147483647;
			files = (
				2FB860832807334000A2AA69 /* Data.h in Headers */,
			);
			runOnlyForDeploymentPostprocessing = 0;
		};
/* End PBXHeadersBuildPhase section */

/* Begin PBXNativeTarget section */
		2FB8607C2807334000A2AA69 /* Data */ = {
			isa = PBXNativeTarget;
			buildConfigurationList = 2FB860862807334000A2AA69 /* Build configuration list for PBXNativeTarget "Data" */;
			buildPhases = (
				2FB860782807334000A2AA69 /* Headers */,
				2FB860792807334000A2AA69 /* Sources */,
				2FB8607A2807334000A2AA69 /* Frameworks */,
				2FB8607B2807334000A2AA69 /* Resources */,
			);
			buildRules = (
			);
			dependencies = (
			);
			name = Data;
			packageProductDependencies = (
				2FB860922807351D00A2AA69 /* Alamofire */,
			);
			productName = Data;
			productReference = 2FB8607D2807334000A2AA69 /* Data.framework */;
			productType = "com.apple.product-type.framework";
		};
/* End PBXNativeTarget section */

/* Begin PBXProject section */
		2FB860742807334000A2AA69 /* Project object */ = {
			isa = PBXProject;
			attributes = {
				BuildIndependentTargetsInParallel = 1;
				LastUpgradeCheck = 1330;
				TargetAttributes = {
					2FB8607C2807334000A2AA69 = {
						CreatedOnToolsVersion = 13.3.1;
					};
				};
			};
			buildConfigurationList = 2FB860772807334000A2AA69 /* Build configuration list for PBXProject "Data" */;
			compatibilityVersion = "Xcode 13.0";
			developmentRegion = en;
			hasScannedForEncodings = 0;
			knownRegions = (
				en,
				Base,
			);
			mainGroup = 2FB860732807334000A2AA69;
			packageReferences = (
				2FB860912807351D00A2AA69 /* XCRemoteSwiftPackageReference "Alamofire" */,
			);
			productRefGroup = 2FB8607E2807334000A2AA69 /* Products */;
			projectDirPath = "";
			projectRoot = "";
			targets = (
				2FB8607C2807334000A2AA69 /* Data */,
			);
		};
/* End PBXProject section */

/* Begin PBXResourcesBuildPhase section */
		2FB8607B2807334000A2AA69 /* Resources */ = {
			isa = PBXResourcesBuildPhase;
			buildActionMask = 2147483647;
			files = (
			);
			runOnlyForDeploymentPostprocessing = 0;
		};
/* End PBXResourcesBuildPhase section */

/* Begin PBXSourcesBuildPhase section */
		2FB860792807334000A2AA69 /* Sources */ = {
			isa = PBXSourcesBuildPhase;
			buildActionMask = 2147483647;
			files = (
				2FB860A6280736C500A2AA69 /* ItemSec.swift in Sources */,
				2FB860CE28073C9F00A2AA69 /* ServiceErrorHandler.swift in Sources */,
				2FB8609E2807366600A2AA69 /* ClassFamily.swift in Sources */,
				2FB860A4280736A700A2AA69 /* Key.swift in Sources */,
				2F1AF7632807EFE000E0F64C /* BaseResponseEntity.swift in Sources */,
				2FB8609C2807363900A2AA69 /* StorageRepository.swift in Sources */,
				2FB860AA280736F300A2AA69 /* UserDefaultsWrapper.swift in Sources */,
				2FB860AC2807370D00A2AA69 /* Storage.swift in Sources */,
				2FB860A8280736E200A2AA69 /* LevelAccesibility.swift in Sources */,
				2FB860CC28073C8A00A2AA69 /* ServiceReponseHandler.swift in Sources */,
				2FB860BA2807380000A2AA69 /* StorageDatasourceImplementation.swift in Sources */,
				2F1AF75D2807EABE00E0F64C /* PostEntity.swift in Sources */,
				2FB8609A2807361500A2AA69 /* UserRepository.swift in Sources */,
				2FB860C628073C4D00A2AA69 /* RequestProtocol.swift in Sources */,
				2FB860D628073D9E00A2AA69 /* Rechability.swift in Sources */,
				2FB860B8280737AC00A2AA69 /* StorageDatasource.swift in Sources */,
				2FB860D428073CD500A2AA69 /* ServiceError.swift in Sources */,
				2FB860B22807376500A2AA69 /* GenericParser.swift in Sources */,
				2FB860822807334000A2AA69 /* Data.docc in Sources */,
				2FB860B42807377900A2AA69 /* AuthToken.swift in Sources */,
				2FB860C428073C3B00A2AA69 /* ServiceDatasourceProtocol.swift in Sources */,
				2FB860D028073CB100A2AA69 /* HttpErrorHandler.swift in Sources */,
				2FB860DA28073DCC00A2AA69 /* Configuration.swift in Sources */,
				2FB860D828073DB400A2AA69 /* TimberjackHelper.swift in Sources */,
				2FB860DC28073DDD00A2AA69 /* Environment.swift in Sources */,
				2FB860D228073CC300A2AA69 /* HttpError.swift in Sources */,
				2FB860B02807374300A2AA69 /* KeychainAccesibility.swift in Sources */,
				2F1AF7612807EEBD00E0F64C /* PostRequest.swift in Sources */,
				2FB860C228073C0D00A2AA69 /* ServiceDatasource.swift in Sources */,
				2FB860AE2807372200A2AA69 /* KeychainWrapper.swift in Sources */,
			);
			runOnlyForDeploymentPostprocessing = 0;
		};
/* End PBXSourcesBuildPhase section */

/* Begin XCBuildConfiguration section */
		2FB860842807334000A2AA69 /* Debug */ = {
			isa = XCBuildConfiguration;
			buildSettings = {
				ALWAYS_SEARCH_USER_PATHS = NO;
				CLANG_ANALYZER_NONNULL = YES;
				CLANG_ANALYZER_NUMBER_OBJECT_CONVERSION = YES_AGGRESSIVE;
				CLANG_CXX_LANGUAGE_STANDARD = "gnu++17";
				CLANG_ENABLE_MODULES = YES;
				CLANG_ENABLE_OBJC_ARC = YES;
				CLANG_ENABLE_OBJC_WEAK = YES;
				CLANG_WARN_BLOCK_CAPTURE_AUTORELEASING = YES;
				CLANG_WARN_BOOL_CONVERSION = YES;
				CLANG_WARN_COMMA = YES;
				CLANG_WARN_CONSTANT_CONVERSION = YES;
				CLANG_WARN_DEPRECATED_OBJC_IMPLEMENTATIONS = YES;
				CLANG_WARN_DIRECT_OBJC_ISA_USAGE = YES_ERROR;
				CLANG_WARN_DOCUMENTATION_COMMENTS = YES;
				CLANG_WARN_EMPTY_BODY = YES;
				CLANG_WARN_ENUM_CONVERSION = YES;
				CLANG_WARN_INFINITE_RECURSION = YES;
				CLANG_WARN_INT_CONVERSION = YES;
				CLANG_WARN_NON_LITERAL_NULL_CONVERSION = YES;
				CLANG_WARN_OBJC_IMPLICIT_RETAIN_SELF = YES;
				CLANG_WARN_OBJC_LITERAL_CONVERSION = YES;
				CLANG_WARN_OBJC_ROOT_CLASS = YES_ERROR;
				CLANG_WARN_QUOTED_INCLUDE_IN_FRAMEWORK_HEADER = YES;
				CLANG_WARN_RANGE_LOOP_ANALYSIS = YES;
				CLANG_WARN_STRICT_PROTOTYPES = YES;
				CLANG_WARN_SUSPICIOUS_MOVE = YES;
				CLANG_WARN_UNGUARDED_AVAILABILITY = YES_AGGRESSIVE;
				CLANG_WARN_UNREACHABLE_CODE = YES;
				CLANG_WARN__DUPLICATE_METHOD_MATCH = YES;
				COPY_PHASE_STRIP = NO;
				CURRENT_PROJECT_VERSION = 1;
				DEBUG_INFORMATION_FORMAT = dwarf;
				ENABLE_STRICT_OBJC_MSGSEND = YES;
				ENABLE_TESTABILITY = YES;
				GCC_C_LANGUAGE_STANDARD = gnu11;
				GCC_DYNAMIC_NO_PIC = NO;
				GCC_NO_COMMON_BLOCKS = YES;
				GCC_OPTIMIZATION_LEVEL = 0;
				GCC_PREPROCESSOR_DEFINITIONS = (
					"DEBUG=1",
					"$(inherited)",
				);
				GCC_WARN_64_TO_32_BIT_CONVERSION = YES;
				GCC_WARN_ABOUT_RETURN_TYPE = YES_ERROR;
				GCC_WARN_UNDECLARED_SELECTOR = YES;
				GCC_WARN_UNINITIALIZED_AUTOS = YES_AGGRESSIVE;
				GCC_WARN_UNUSED_FUNCTION = YES;
				GCC_WARN_UNUSED_VARIABLE = YES;
				IPHONEOS_DEPLOYMENT_TARGET = 15.4;
				MTL_ENABLE_DEBUG_INFO = INCLUDE_SOURCE;
				MTL_FAST_MATH = YES;
				ONLY_ACTIVE_ARCH = YES;
				SDKROOT = iphoneos;
				SWIFT_ACTIVE_COMPILATION_CONDITIONS = DEBUG;
				SWIFT_OPTIMIZATION_LEVEL = "-Onone";
				VERSIONING_SYSTEM = "apple-generic";
				VERSION_INFO_PREFIX = "";
			};
			name = Debug;
		};
		2FB860852807334000A2AA69 /* Release */ = {
			isa = XCBuildConfiguration;
			buildSettings = {
				ALWAYS_SEARCH_USER_PATHS = NO;
				CLANG_ANALYZER_NONNULL = YES;
				CLANG_ANALYZER_NUMBER_OBJECT_CONVERSION = YES_AGGRESSIVE;
				CLANG_CXX_LANGUAGE_STANDARD = "gnu++17";
				CLANG_ENABLE_MODULES = YES;
				CLANG_ENABLE_OBJC_ARC = YES;
				CLANG_ENABLE_OBJC_WEAK = YES;
				CLANG_WARN_BLOCK_CAPTURE_AUTORELEASING = YES;
				CLANG_WARN_BOOL_CONVERSION = YES;
				CLANG_WARN_COMMA = YES;
				CLANG_WARN_CONSTANT_CONVERSION = YES;
				CLANG_WARN_DEPRECATED_OBJC_IMPLEMENTATIONS = YES;
				CLANG_WARN_DIRECT_OBJC_ISA_USAGE = YES_ERROR;
				CLANG_WARN_DOCUMENTATION_COMMENTS = YES;
				CLANG_WARN_EMPTY_BODY = YES;
				CLANG_WARN_ENUM_CONVERSION = YES;
				CLANG_WARN_INFINITE_RECURSION = YES;
				CLANG_WARN_INT_CONVERSION = YES;
				CLANG_WARN_NON_LITERAL_NULL_CONVERSION = YES;
				CLANG_WARN_OBJC_IMPLICIT_RETAIN_SELF = YES;
				CLANG_WARN_OBJC_LITERAL_CONVERSION = YES;
				CLANG_WARN_OBJC_ROOT_CLASS = YES_ERROR;
				CLANG_WARN_QUOTED_INCLUDE_IN_FRAMEWORK_HEADER = YES;
				CLANG_WARN_RANGE_LOOP_ANALYSIS = YES;
				CLANG_WARN_STRICT_PROTOTYPES = YES;
				CLANG_WARN_SUSPICIOUS_MOVE = YES;
				CLANG_WARN_UNGUARDED_AVAILABILITY = YES_AGGRESSIVE;
				CLANG_WARN_UNREACHABLE_CODE = YES;
				CLANG_WARN__DUPLICATE_METHOD_MATCH = YES;
				COPY_PHASE_STRIP = NO;
				CURRENT_PROJECT_VERSION = 1;
				DEBUG_INFORMATION_FORMAT = "dwarf-with-dsym";
				ENABLE_NS_ASSERTIONS = NO;
				ENABLE_STRICT_OBJC_MSGSEND = YES;
				GCC_C_LANGUAGE_STANDARD = gnu11;
				GCC_NO_COMMON_BLOCKS = YES;
				GCC_WARN_64_TO_32_BIT_CONVERSION = YES;
				GCC_WARN_ABOUT_RETURN_TYPE = YES_ERROR;
				GCC_WARN_UNDECLARED_SELECTOR = YES;
				GCC_WARN_UNINITIALIZED_AUTOS = YES_AGGRESSIVE;
				GCC_WARN_UNUSED_FUNCTION = YES;
				GCC_WARN_UNUSED_VARIABLE = YES;
				IPHONEOS_DEPLOYMENT_TARGET = 15.4;
				MTL_ENABLE_DEBUG_INFO = NO;
				MTL_FAST_MATH = YES;
				SDKROOT = iphoneos;
				SWIFT_COMPILATION_MODE = wholemodule;
				SWIFT_OPTIMIZATION_LEVEL = "-O";
				VALIDATE_PRODUCT = YES;
				VERSIONING_SYSTEM = "apple-generic";
				VERSION_INFO_PREFIX = "";
			};
			name = Release;
		};
		2FB860872807334000A2AA69 /* Debug */ = {
			isa = XCBuildConfiguration;
			buildSettings = {
				CODE_SIGN_STYLE = Automatic;
				CURRENT_PROJECT_VERSION = 1;
				DEFINES_MODULE = YES;
				DEVELOPMENT_TEAM = 22P58SR4VW;
				DYLIB_COMPATIBILITY_VERSION = 1;
				DYLIB_CURRENT_VERSION = 1;
				DYLIB_INSTALL_NAME_BASE = "@rpath";
				GENERATE_INFOPLIST_FILE = YES;
				INFOPLIST_KEY_NSHumanReadableCopyright = "";
				INSTALL_PATH = "$(LOCAL_LIBRARY_DIR)/Frameworks";
				LD_RUNPATH_SEARCH_PATHS = (
					"$(inherited)",
					"@executable_path/Frameworks",
					"@loader_path/Frameworks",
				);
				MARKETING_VERSION = 1.0;
				PRODUCT_BUNDLE_IDENTIFIER = com.mvelasquezherrera.Data;
				PRODUCT_NAME = "$(TARGET_NAME:c99extidentifier)";
				SKIP_INSTALL = YES;
				SWIFT_EMIT_LOC_STRINGS = YES;
				SWIFT_VERSION = 5.0;
				TARGETED_DEVICE_FAMILY = "1,2";
			};
			name = Debug;
		};
		2FB860882807334000A2AA69 /* Release */ = {
			isa = XCBuildConfiguration;
			buildSettings = {
				CODE_SIGN_STYLE = Automatic;
				CURRENT_PROJECT_VERSION = 1;
				DEFINES_MODULE = YES;
				DEVELOPMENT_TEAM = 22P58SR4VW;
				DYLIB_COMPATIBILITY_VERSION = 1;
				DYLIB_CURRENT_VERSION = 1;
				DYLIB_INSTALL_NAME_BASE = "@rpath";
				GENERATE_INFOPLIST_FILE = YES;
				INFOPLIST_KEY_NSHumanReadableCopyright = "";
				INSTALL_PATH = "$(LOCAL_LIBRARY_DIR)/Frameworks";
				LD_RUNPATH_SEARCH_PATHS = (
					"$(inherited)",
					"@executable_path/Frameworks",
					"@loader_path/Frameworks",
				);
				MARKETING_VERSION = 1.0;
				PRODUCT_BUNDLE_IDENTIFIER = com.mvelasquezherrera.Data;
				PRODUCT_NAME = "$(TARGET_NAME:c99extidentifier)";
				SKIP_INSTALL = YES;
				SWIFT_EMIT_LOC_STRINGS = YES;
				SWIFT_VERSION = 5.0;
				TARGETED_DEVICE_FAMILY = "1,2";
			};
			name = Release;
		};
/* End XCBuildConfiguration section */

/* Begin XCConfigurationList section */
		2FB860772807334000A2AA69 /* Build configuration list for PBXProject "Data" */ = {
			isa = XCConfigurationList;
			buildConfigurations = (
				2FB860842807334000A2AA69 /* Debug */,
				2FB860852807334000A2AA69 /* Release */,
			);
			defaultConfigurationIsVisible = 0;
			defaultConfigurationName = Release;
		};
		2FB860862807334000A2AA69 /* Build configuration list for PBXNativeTarget "Data" */ = {
			isa = XCConfigurationList;
			buildConfigurations = (
				2FB860872807334000A2AA69 /* Debug */,
				2FB860882807334000A2AA69 /* Release */,
			);
			defaultConfigurationIsVisible = 0;
			defaultConfigurationName = Release;
		};
/* End XCConfigurationList section */

/* Begin XCRemoteSwiftPackageReference section */
		2FB860912807351D00A2AA69 /* XCRemoteSwiftPackageReference "Alamofire" */ = {
			isa = XCRemoteSwiftPackageReference;
			repositoryURL = "https://github.com/Alamofire/Alamofire.git";
			requirement = {
				branch = master;
				kind = branch;
			};
		};
/* End XCRemoteSwiftPackageReference section */

/* Begin XCSwiftPackageProductDependency section */
		2FB860922807351D00A2AA69 /* Alamofire */ = {
			isa = XCSwiftPackageProductDependency;
			package = 2FB860912807351D00A2AA69 /* XCRemoteSwiftPackageReference "Alamofire" */;
			productName = Alamofire;
		};
/* End XCSwiftPackageProductDependency section */
	};
	rootObject = 2FB860742807334000A2AA69 /* Project object */;
}
