// !$*UTF8*$!
{
	archiveVersion = 1;
	classes = {
	};
	objectVersion = 55;
	objects = {

/* Begin PBXBuildFile section */
		2F1AF70628078CED00E0F64C /* CustomViews.storyboard in Resources */ = {isa = PBXBuildFile; fileRef = 2F1AF70528078CED00E0F64C /* CustomViews.storyboard */; };
		2F1AF70728078CED00E0F64C /* CustomViews.storyboard in Resources */ = {isa = PBXBuildFile; fileRef = 2F1AF70528078CED00E0F64C /* CustomViews.storyboard */; };
		2F1AF70828078CED00E0F64C /* CustomViews.storyboard in Resources */ = {isa = PBXBuildFile; fileRef = 2F1AF70528078CED00E0F64C /* CustomViews.storyboard */; };
		2F1AF714280790C500E0F64C /* ColorPalette.swift in Sources */ = {isa = PBXBuildFile; fileRef = 2F1AF713280790C500E0F64C /* ColorPalette.swift */; };
		2F1AF715280790C500E0F64C /* ColorPalette.swift in Sources */ = {isa = PBXBuildFile; fileRef = 2F1AF713280790C500E0F64C /* ColorPalette.swift */; };
		2F1AF716280790C500E0F64C /* ColorPalette.swift in Sources */ = {isa = PBXBuildFile; fileRef = 2F1AF713280790C500E0F64C /* ColorPalette.swift */; };
		2F1AF7192807944000E0F64C /* Post.storyboard in Resources */ = {isa = PBXBuildFile; fileRef = 2F1AF7182807944000E0F64C /* Post.storyboard */; };
		2F1AF71A2807944000E0F64C /* Post.storyboard in Resources */ = {isa = PBXBuildFile; fileRef = 2F1AF7182807944000E0F64C /* Post.storyboard */; };
		2F1AF71B2807944000E0F64C /* Post.storyboard in Resources */ = {isa = PBXBuildFile; fileRef = 2F1AF7182807944000E0F64C /* Post.storyboard */; };
		2F1AF7252807952E00E0F64C /* PostViewController.swift in Sources */ = {isa = PBXBuildFile; fileRef = 2F1AF7242807952E00E0F64C /* PostViewController.swift */; };
		2F1AF7262807952E00E0F64C /* PostViewController.swift in Sources */ = {isa = PBXBuildFile; fileRef = 2F1AF7242807952E00E0F64C /* PostViewController.swift */; };
		2F1AF7272807952E00E0F64C /* PostViewController.swift in Sources */ = {isa = PBXBuildFile; fileRef = 2F1AF7242807952E00E0F64C /* PostViewController.swift */; };
		2F1AF72A28079E8100E0F64C /* BaseViewController.swift in Sources */ = {isa = PBXBuildFile; fileRef = 2F1AF72928079E8100E0F64C /* BaseViewController.swift */; };
		2F1AF72B28079E8100E0F64C /* BaseViewController.swift in Sources */ = {isa = PBXBuildFile; fileRef = 2F1AF72928079E8100E0F64C /* BaseViewController.swift */; };
		2F1AF72C28079E8100E0F64C /* BaseViewController.swift in Sources */ = {isa = PBXBuildFile; fileRef = 2F1AF72928079E8100E0F64C /* BaseViewController.swift */; };
		2F1AF72E2807B0D400E0F64C /* PostRouter.swift in Sources */ = {isa = PBXBuildFile; fileRef = 2F1AF72D2807B0D400E0F64C /* PostRouter.swift */; };
		2F1AF72F2807B0D400E0F64C /* PostRouter.swift in Sources */ = {isa = PBXBuildFile; fileRef = 2F1AF72D2807B0D400E0F64C /* PostRouter.swift */; };
		2F1AF7302807B0D400E0F64C /* PostRouter.swift in Sources */ = {isa = PBXBuildFile; fileRef = 2F1AF72D2807B0D400E0F64C /* PostRouter.swift */; };
		2F1AF7322807B1F100E0F64C /* PostPresenter.swift in Sources */ = {isa = PBXBuildFile; fileRef = 2F1AF7312807B1F100E0F64C /* PostPresenter.swift */; };
		2F1AF7332807B1F100E0F64C /* PostPresenter.swift in Sources */ = {isa = PBXBuildFile; fileRef = 2F1AF7312807B1F100E0F64C /* PostPresenter.swift */; };
		2F1AF7342807B1F100E0F64C /* PostPresenter.swift in Sources */ = {isa = PBXBuildFile; fileRef = 2F1AF7312807B1F100E0F64C /* PostPresenter.swift */; };
		2F1AF7382807B24400E0F64C /* Data.framework in Frameworks */ = {isa = PBXBuildFile; fileRef = 2F1AF7362807B24400E0F64C /* Data.framework */; };
		2F1AF7392807B24400E0F64C /* Data.framework in Embed Frameworks */ = {isa = PBXBuildFile; fileRef = 2F1AF7362807B24400E0F64C /* Data.framework */; settings = {ATTRIBUTES = (CodeSignOnCopy, RemoveHeadersOnCopy, ); }; };
		2F1AF73A2807B24400E0F64C /* Domain.framework in Frameworks */ = {isa = PBXBuildFile; fileRef = 2F1AF7372807B24400E0F64C /* Domain.framework */; };
		2F1AF73B2807B24400E0F64C /* Domain.framework in Embed Frameworks */ = {isa = PBXBuildFile; fileRef = 2F1AF7372807B24400E0F64C /* Domain.framework */; settings = {ATTRIBUTES = (CodeSignOnCopy, RemoveHeadersOnCopy, ); }; };
		2F1AF73F2807B24A00E0F64C /* Data.framework in Frameworks */ = {isa = PBXBuildFile; fileRef = 2F1AF73D2807B24A00E0F64C /* Data.framework */; };
		2F1AF7402807B24A00E0F64C /* Data.framework in Embed Frameworks */ = {isa = PBXBuildFile; fileRef = 2F1AF73D2807B24A00E0F64C /* Data.framework */; settings = {ATTRIBUTES = (CodeSignOnCopy, RemoveHeadersOnCopy, ); }; };
		2F1AF7412807B24A00E0F64C /* Domain.framework in Frameworks */ = {isa = PBXBuildFile; fileRef = 2F1AF73E2807B24A00E0F64C /* Domain.framework */; };
		2F1AF7422807B24A00E0F64C /* Domain.framework in Embed Frameworks */ = {isa = PBXBuildFile; fileRef = 2F1AF73E2807B24A00E0F64C /* Domain.framework */; settings = {ATTRIBUTES = (CodeSignOnCopy, RemoveHeadersOnCopy, ); }; };
		2F1AF7462807B25000E0F64C /* Data.framework in Frameworks */ = {isa = PBXBuildFile; fileRef = 2F1AF7442807B25000E0F64C /* Data.framework */; };
		2F1AF7472807B25000E0F64C /* Data.framework in Embed Frameworks */ = {isa = PBXBuildFile; fileRef = 2F1AF7442807B25000E0F64C /* Data.framework */; settings = {ATTRIBUTES = (CodeSignOnCopy, RemoveHeadersOnCopy, ); }; };
		2F1AF7482807B25000E0F64C /* Domain.framework in Frameworks */ = {isa = PBXBuildFile; fileRef = 2F1AF7452807B25000E0F64C /* Domain.framework */; };
		2F1AF7492807B25000E0F64C /* Domain.framework in Embed Frameworks */ = {isa = PBXBuildFile; fileRef = 2F1AF7452807B25000E0F64C /* Domain.framework */; settings = {ATTRIBUTES = (CodeSignOnCopy, RemoveHeadersOnCopy, ); }; };
		2F1AF74D2807B2C700E0F64C /* Protocols.swift in Sources */ = {isa = PBXBuildFile; fileRef = 2F1AF74C2807B2C700E0F64C /* Protocols.swift */; };
		2F1AF74E2807B2C700E0F64C /* Protocols.swift in Sources */ = {isa = PBXBuildFile; fileRef = 2F1AF74C2807B2C700E0F64C /* Protocols.swift */; };
		2F1AF74F2807B2C700E0F64C /* Protocols.swift in Sources */ = {isa = PBXBuildFile; fileRef = 2F1AF74C2807B2C700E0F64C /* Protocols.swift */; };
		2F1AF7512807B30800E0F64C /* PostConfigurator.swift in Sources */ = {isa = PBXBuildFile; fileRef = 2F1AF7502807B30800E0F64C /* PostConfigurator.swift */; };
		2F1AF7522807B30800E0F64C /* PostConfigurator.swift in Sources */ = {isa = PBXBuildFile; fileRef = 2F1AF7502807B30800E0F64C /* PostConfigurator.swift */; };
		2F1AF7532807B30800E0F64C /* PostConfigurator.swift in Sources */ = {isa = PBXBuildFile; fileRef = 2F1AF7502807B30800E0F64C /* PostConfigurator.swift */; };
		2F1AF7562807E31900E0F64C /* PostTableViewCell.swift in Sources */ = {isa = PBXBuildFile; fileRef = 2F1AF7542807E31900E0F64C /* PostTableViewCell.swift */; };
		2F1AF7572807E31900E0F64C /* PostTableViewCell.swift in Sources */ = {isa = PBXBuildFile; fileRef = 2F1AF7542807E31900E0F64C /* PostTableViewCell.swift */; };
		2F1AF7582807E31900E0F64C /* PostTableViewCell.swift in Sources */ = {isa = PBXBuildFile; fileRef = 2F1AF7542807E31900E0F64C /* PostTableViewCell.swift */; };
		2F1AF7592807E31900E0F64C /* PostTableViewCell.xib in Resources */ = {isa = PBXBuildFile; fileRef = 2F1AF7552807E31900E0F64C /* PostTableViewCell.xib */; };
		2F1AF75A2807E31900E0F64C /* PostTableViewCell.xib in Resources */ = {isa = PBXBuildFile; fileRef = 2F1AF7552807E31900E0F64C /* PostTableViewCell.xib */; };
		2F1AF75B2807E31900E0F64C /* PostTableViewCell.xib in Resources */ = {isa = PBXBuildFile; fileRef = 2F1AF7552807E31900E0F64C /* PostTableViewCell.xib */; };
		2F1AF7682807FCF400E0F64C /* CustomLoadingView.swift in Sources */ = {isa = PBXBuildFile; fileRef = 2F1AF7672807FCF400E0F64C /* CustomLoadingView.swift */; };
		2F1AF7692807FCF400E0F64C /* CustomLoadingView.swift in Sources */ = {isa = PBXBuildFile; fileRef = 2F1AF7672807FCF400E0F64C /* CustomLoadingView.swift */; };
		2F1AF76A2807FCF400E0F64C /* CustomLoadingView.swift in Sources */ = {isa = PBXBuildFile; fileRef = 2F1AF7672807FCF400E0F64C /* CustomLoadingView.swift */; };
		2F1AF76C2807FD4100E0F64C /* CustomLoadingView.xib in Resources */ = {isa = PBXBuildFile; fileRef = 2F1AF76B2807FD4100E0F64C /* CustomLoadingView.xib */; };
		2F1AF76D2807FD4100E0F64C /* CustomLoadingView.xib in Resources */ = {isa = PBXBuildFile; fileRef = 2F1AF76B2807FD4100E0F64C /* CustomLoadingView.xib */; };
		2F1AF76E2807FD4100E0F64C /* CustomLoadingView.xib in Resources */ = {isa = PBXBuildFile; fileRef = 2F1AF76B2807FD4100E0F64C /* CustomLoadingView.xib */; };
		2FB8602E28071C9A00A2AA69 /* AppDelegate.swift in Sources */ = {isa = PBXBuildFile; fileRef = 2FB8602D28071C9A00A2AA69 /* AppDelegate.swift */; };
		2FB8603028071C9A00A2AA69 /* SceneDelegate.swift in Sources */ = {isa = PBXBuildFile; fileRef = 2FB8602F28071C9A00A2AA69 /* SceneDelegate.swift */; };
		2FB8603228071C9A00A2AA69 /* ViewController.swift in Sources */ = {isa = PBXBuildFile; fileRef = 2FB8603128071C9A00A2AA69 /* ViewController.swift */; };
		2FB8603528071C9A00A2AA69 /* Main.storyboard in Resources */ = {isa = PBXBuildFile; fileRef = 2FB8603328071C9A00A2AA69 /* Main.storyboard */; };
		2FB8603728071C9B00A2AA69 /* Assets.xcassets in Resources */ = {isa = PBXBuildFile; fileRef = 2FB8603628071C9B00A2AA69 /* Assets.xcassets */; };
		2FB8603A28071C9B00A2AA69 /* LaunchScreen.storyboard in Resources */ = {isa = PBXBuildFile; fileRef = 2FB8603828071C9B00A2AA69 /* LaunchScreen.storyboard */; };
		2FB8604528071C9B00A2AA69 /* RedditTests.swift in Sources */ = {isa = PBXBuildFile; fileRef = 2FB8604428071C9B00A2AA69 /* RedditTests.swift */; };
		2FB8604F28071C9B00A2AA69 /* RedditUITests.swift in Sources */ = {isa = PBXBuildFile; fileRef = 2FB8604E28071C9B00A2AA69 /* RedditUITests.swift */; };
		2FB8605128071C9B00A2AA69 /* RedditUITestsLaunchTests.swift in Sources */ = {isa = PBXBuildFile; fileRef = 2FB8605028071C9B00A2AA69 /* RedditUITestsLaunchTests.swift */; };
		2FB8608B280734D600A2AA69 /* IQKeyboardManagerSwift in Frameworks */ = {isa = PBXBuildFile; productRef = 2FB8608A280734D600A2AA69 /* IQKeyboardManagerSwift */; };
		2FB8608E280734EA00A2AA69 /* SDWebImage in Frameworks */ = {isa = PBXBuildFile; productRef = 2FB8608D280734EA00A2AA69 /* SDWebImage */; };
		2FB86090280734EA00A2AA69 /* SDWebImageMapKit in Frameworks */ = {isa = PBXBuildFile; productRef = 2FB8608F280734EA00A2AA69 /* SDWebImageMapKit */; };
		2FB860F82807751900A2AA69 /* ViewController.swift in Sources */ = {isa = PBXBuildFile; fileRef = 2FB8603128071C9A00A2AA69 /* ViewController.swift */; };
		2FB860F92807751900A2AA69 /* AppDelegate.swift in Sources */ = {isa = PBXBuildFile; fileRef = 2FB8602D28071C9A00A2AA69 /* AppDelegate.swift */; };
		2FB860FA2807751900A2AA69 /* SceneDelegate.swift in Sources */ = {isa = PBXBuildFile; fileRef = 2FB8602F28071C9A00A2AA69 /* SceneDelegate.swift */; };
		2FB860FC2807751900A2AA69 /* SDWebImage in Frameworks */ = {isa = PBXBuildFile; productRef = 2FB860F42807751900A2AA69 /* SDWebImage */; };
		2FB860FD2807751900A2AA69 /* SDWebImageMapKit in Frameworks */ = {isa = PBXBuildFile; productRef = 2FB860F62807751900A2AA69 /* SDWebImageMapKit */; };
		2FB860FE2807751900A2AA69 /* IQKeyboardManagerSwift in Frameworks */ = {isa = PBXBuildFile; productRef = 2FB860F22807751900A2AA69 /* IQKeyboardManagerSwift */; };
		2FB861002807751900A2AA69 /* LaunchScreen.storyboard in Resources */ = {isa = PBXBuildFile; fileRef = 2FB8603828071C9B00A2AA69 /* LaunchScreen.storyboard */; };
		2FB861012807751900A2AA69 /* Assets.xcassets in Resources */ = {isa = PBXBuildFile; fileRef = 2FB8603628071C9B00A2AA69 /* Assets.xcassets */; };
		2FB861022807751900A2AA69 /* Main.storyboard in Resources */ = {isa = PBXBuildFile; fileRef = 2FB8603328071C9A00A2AA69 /* Main.storyboard */; };
		2FB8610F2807752200A2AA69 /* ViewController.swift in Sources */ = {isa = PBXBuildFile; fileRef = 2FB8603128071C9A00A2AA69 /* ViewController.swift */; };
		2FB861102807752200A2AA69 /* AppDelegate.swift in Sources */ = {isa = PBXBuildFile; fileRef = 2FB8602D28071C9A00A2AA69 /* AppDelegate.swift */; };
		2FB861112807752200A2AA69 /* SceneDelegate.swift in Sources */ = {isa = PBXBuildFile; fileRef = 2FB8602F28071C9A00A2AA69 /* SceneDelegate.swift */; };
		2FB861132807752200A2AA69 /* SDWebImage in Frameworks */ = {isa = PBXBuildFile; productRef = 2FB8610B2807752200A2AA69 /* SDWebImage */; };
		2FB861142807752200A2AA69 /* SDWebImageMapKit in Frameworks */ = {isa = PBXBuildFile; productRef = 2FB8610D2807752200A2AA69 /* SDWebImageMapKit */; };
		2FB861152807752200A2AA69 /* IQKeyboardManagerSwift in Frameworks */ = {isa = PBXBuildFile; productRef = 2FB861092807752200A2AA69 /* IQKeyboardManagerSwift */; };
		2FB861172807752200A2AA69 /* LaunchScreen.storyboard in Resources */ = {isa = PBXBuildFile; fileRef = 2FB8603828071C9B00A2AA69 /* LaunchScreen.storyboard */; };
		2FB861182807752200A2AA69 /* Assets.xcassets in Resources */ = {isa = PBXBuildFile; fileRef = 2FB8603628071C9B00A2AA69 /* Assets.xcassets */; };
		2FB861192807752200A2AA69 /* Main.storyboard in Resources */ = {isa = PBXBuildFile; fileRef = 2FB8603328071C9A00A2AA69 /* Main.storyboard */; };
/* End PBXBuildFile section */

/* Begin PBXContainerItemProxy section */
		2FB8604128071C9B00A2AA69 /* PBXContainerItemProxy */ = {
			isa = PBXContainerItemProxy;
			containerPortal = 2FB8602228071C9A00A2AA69 /* Project object */;
			proxyType = 1;
			remoteGlobalIDString = 2FB8602928071C9A00A2AA69;
			remoteInfo = Reddit;
		};
		2FB8604B28071C9B00A2AA69 /* PBXContainerItemProxy */ = {
			isa = PBXContainerItemProxy;
			containerPortal = 2FB8602228071C9A00A2AA69 /* Project object */;
			proxyType = 1;
			remoteGlobalIDString = 2FB8602928071C9A00A2AA69;
			remoteInfo = Reddit;
		};
/* End PBXContainerItemProxy section */

/* Begin PBXCopyFilesBuildPhase section */
		2F1AF73C2807B24400E0F64C /* Embed Frameworks */ = {
			isa = PBXCopyFilesBuildPhase;
			buildActionMask = 2147483647;
			dstPath = "";
			dstSubfolderSpec = 10;
			files = (
				2F1AF73B2807B24400E0F64C /* Domain.framework in Embed Frameworks */,
				2F1AF7392807B24400E0F64C /* Data.framework in Embed Frameworks */,
			);
			name = "Embed Frameworks";
			runOnlyForDeploymentPostprocessing = 0;
		};
		2F1AF7432807B24A00E0F64C /* Embed Frameworks */ = {
			isa = PBXCopyFilesBuildPhase;
			buildActionMask = 2147483647;
			dstPath = "";
			dstSubfolderSpec = 10;
			files = (
				2F1AF7422807B24A00E0F64C /* Domain.framework in Embed Frameworks */,
				2F1AF7402807B24A00E0F64C /* Data.framework in Embed Frameworks */,
			);
			name = "Embed Frameworks";
			runOnlyForDeploymentPostprocessing = 0;
		};
		2F1AF74A2807B25000E0F64C /* Embed Frameworks */ = {
			isa = PBXCopyFilesBuildPhase;
			buildActionMask = 2147483647;
			dstPath = "";
			dstSubfolderSpec = 10;
			files = (
				2F1AF7492807B25000E0F64C /* Domain.framework in Embed Frameworks */,
				2F1AF7472807B25000E0F64C /* Data.framework in Embed Frameworks */,
			);
			name = "Embed Frameworks";
			runOnlyForDeploymentPostprocessing = 0;
		};
/* End PBXCopyFilesBuildPhase section */

/* Begin PBXFileReference section */
		2F1AF70528078CED00E0F64C /* CustomViews.storyboard */ = {isa = PBXFileReference; lastKnownFileType = file.storyboard; path = CustomViews.storyboard; sourceTree = "<group>"; };
		2F1AF713280790C500E0F64C /* ColorPalette.swift */ = {isa = PBXFileReference; lastKnownFileType = sourcecode.swift; path = ColorPalette.swift; sourceTree = "<group>"; };
		2F1AF7182807944000E0F64C /* Post.storyboard */ = {isa = PBXFileReference; lastKnownFileType = file.storyboard; path = Post.storyboard; sourceTree = "<group>"; };
		2F1AF7242807952E00E0F64C /* PostViewController.swift */ = {isa = PBXFileReference; lastKnownFileType = sourcecode.swift; path = PostViewController.swift; sourceTree = "<group>"; };
		2F1AF72928079E8100E0F64C /* BaseViewController.swift */ = {isa = PBXFileReference; lastKnownFileType = sourcecode.swift; path = BaseViewController.swift; sourceTree = "<group>"; };
		2F1AF72D2807B0D400E0F64C /* PostRouter.swift */ = {isa = PBXFileReference; lastKnownFileType = sourcecode.swift; path = PostRouter.swift; sourceTree = "<group>"; };
		2F1AF7312807B1F100E0F64C /* PostPresenter.swift */ = {isa = PBXFileReference; lastKnownFileType = sourcecode.swift; path = PostPresenter.swift; sourceTree = "<group>"; };
		2F1AF7362807B24400E0F64C /* Data.framework */ = {isa = PBXFileReference; explicitFileType = wrapper.framework; path = Data.framework; sourceTree = BUILT_PRODUCTS_DIR; };
		2F1AF7372807B24400E0F64C /* Domain.framework */ = {isa = PBXFileReference; explicitFileType = wrapper.framework; path = Domain.framework; sourceTree = BUILT_PRODUCTS_DIR; };
		2F1AF73D2807B24A00E0F64C /* Data.framework */ = {isa = PBXFileReference; explicitFileType = wrapper.framework; path = Data.framework; sourceTree = BUILT_PRODUCTS_DIR; };
		2F1AF73E2807B24A00E0F64C /* Domain.framework */ = {isa = PBXFileReference; explicitFileType = wrapper.framework; path = Domain.framework; sourceTree = BUILT_PRODUCTS_DIR; };
		2F1AF7442807B25000E0F64C /* Data.framework */ = {isa = PBXFileReference; explicitFileType = wrapper.framework; path = Data.framework; sourceTree = BUILT_PRODUCTS_DIR; };
		2F1AF7452807B25000E0F64C /* Domain.framework */ = {isa = PBXFileReference; explicitFileType = wrapper.framework; path = Domain.framework; sourceTree = BUILT_PRODUCTS_DIR; };
		2F1AF74C2807B2C700E0F64C /* Protocols.swift */ = {isa = PBXFileReference; lastKnownFileType = sourcecode.swift; path = Protocols.swift; sourceTree = "<group>"; };
		2F1AF7502807B30800E0F64C /* PostConfigurator.swift */ = {isa = PBXFileReference; lastKnownFileType = sourcecode.swift; path = PostConfigurator.swift; sourceTree = "<group>"; };
		2F1AF7542807E31900E0F64C /* PostTableViewCell.swift */ = {isa = PBXFileReference; lastKnownFileType = sourcecode.swift; path = PostTableViewCell.swift; sourceTree = "<group>"; };
		2F1AF7552807E31900E0F64C /* PostTableViewCell.xib */ = {isa = PBXFileReference; lastKnownFileType = file.xib; path = PostTableViewCell.xib; sourceTree = "<group>"; };
		2F1AF7672807FCF400E0F64C /* CustomLoadingView.swift */ = {isa = PBXFileReference; lastKnownFileType = sourcecode.swift; path = CustomLoadingView.swift; sourceTree = "<group>"; };
		2F1AF76B2807FD4100E0F64C /* CustomLoadingView.xib */ = {isa = PBXFileReference; lastKnownFileType = file.xib; path = CustomLoadingView.xib; sourceTree = "<group>"; };
		2FB8602A28071C9A00A2AA69 /* Reddit.app */ = {isa = PBXFileReference; explicitFileType = wrapper.application; includeInIndex = 0; path = Reddit.app; sourceTree = BUILT_PRODUCTS_DIR; };
		2FB8602D28071C9A00A2AA69 /* AppDelegate.swift */ = {isa = PBXFileReference; lastKnownFileType = sourcecode.swift; path = AppDelegate.swift; sourceTree = "<group>"; };
		2FB8602F28071C9A00A2AA69 /* SceneDelegate.swift */ = {isa = PBXFileReference; lastKnownFileType = sourcecode.swift; path = SceneDelegate.swift; sourceTree = "<group>"; };
		2FB8603128071C9A00A2AA69 /* ViewController.swift */ = {isa = PBXFileReference; lastKnownFileType = sourcecode.swift; path = ViewController.swift; sourceTree = "<group>"; };
		2FB8603428071C9A00A2AA69 /* Base */ = {isa = PBXFileReference; lastKnownFileType = file.storyboard; name = Base; path = Base.lproj/Main.storyboard; sourceTree = "<group>"; };
		2FB8603628071C9B00A2AA69 /* Assets.xcassets */ = {isa = PBXFileReference; lastKnownFileType = folder.assetcatalog; path = Assets.xcassets; sourceTree = "<group>"; };
		2FB8603928071C9B00A2AA69 /* Base */ = {isa = PBXFileReference; lastKnownFileType = file.storyboard; name = Base; path = Base.lproj/LaunchScreen.storyboard; sourceTree = "<group>"; };
		2FB8603B28071C9B00A2AA69 /* Info.plist */ = {isa = PBXFileReference; lastKnownFileType = text.plist.xml; path = Info.plist; sourceTree = "<group>"; };
		2FB8604028071C9B00A2AA69 /* RedditTests.xctest */ = {isa = PBXFileReference; explicitFileType = wrapper.cfbundle; includeInIndex = 0; path = RedditTests.xctest; sourceTree = BUILT_PRODUCTS_DIR; };
		2FB8604428071C9B00A2AA69 /* RedditTests.swift */ = {isa = PBXFileReference; lastKnownFileType = sourcecode.swift; path = RedditTests.swift; sourceTree = "<group>"; };
		2FB8604A28071C9B00A2AA69 /* RedditUITests.xctest */ = {isa = PBXFileReference; explicitFileType = wrapper.cfbundle; includeInIndex = 0; path = RedditUITests.xctest; sourceTree = BUILT_PRODUCTS_DIR; };
		2FB8604E28071C9B00A2AA69 /* RedditUITests.swift */ = {isa = PBXFileReference; lastKnownFileType = sourcecode.swift; path = RedditUITests.swift; sourceTree = "<group>"; };
		2FB8605028071C9B00A2AA69 /* RedditUITestsLaunchTests.swift */ = {isa = PBXFileReference; lastKnownFileType = sourcecode.swift; path = RedditUITestsLaunchTests.swift; sourceTree = "<group>"; };
		2FB861062807751900A2AA69 /* Reddit UAT.app */ = {isa = PBXFileReference; explicitFileType = wrapper.application; includeInIndex = 0; path = "Reddit UAT.app"; sourceTree = BUILT_PRODUCTS_DIR; };
		2FB861072807751A00A2AA69 /* Info-UAT.plist */ = {isa = PBXFileReference; lastKnownFileType = text.plist.xml; name = "Info-UAT.plist"; path = "/Users/marcelostefanovelasquezherrera/Documents/Proyectos Xcode/ProyStefanini/Reddit/Reddit/Info/Info-UAT.plist"; sourceTree = "<absolute>"; };
		2FB8611D2807752200A2AA69 /* Reddit DEV.app */ = {isa = PBXFileReference; explicitFileType = wrapper.application; includeInIndex = 0; path = "Reddit DEV.app"; sourceTree = BUILT_PRODUCTS_DIR; };
		2FB8611E2807752200A2AA69 /* Info-DEV.plist */ = {isa = PBXFileReference; lastKnownFileType = text.plist.xml; name = "Info-DEV.plist"; path = "/Users/marcelostefanovelasquezherrera/Documents/Proyectos Xcode/ProyStefanini/Reddit/Reddit/Info/Info-DEV.plist"; sourceTree = "<absolute>"; };
/* End PBXFileReference section */

/* Begin PBXFrameworksBuildPhase section */
		2FB8602728071C9A00A2AA69 /* Frameworks */ = {
			isa = PBXFrameworksBuildPhase;
			buildActionMask = 2147483647;
			files = (
				2F1AF73A2807B24400E0F64C /* Domain.framework in Frameworks */,
				2F1AF7382807B24400E0F64C /* Data.framework in Frameworks */,
				2FB8608E280734EA00A2AA69 /* SDWebImage in Frameworks */,
				2FB86090280734EA00A2AA69 /* SDWebImageMapKit in Frameworks */,
				2FB8608B280734D600A2AA69 /* IQKeyboardManagerSwift in Frameworks */,
			);
			runOnlyForDeploymentPostprocessing = 0;
		};
		2FB8603D28071C9B00A2AA69 /* Frameworks */ = {
			isa = PBXFrameworksBuildPhase;
			buildActionMask = 2147483647;
			files = (
			);
			runOnlyForDeploymentPostprocessing = 0;
		};
		2FB8604728071C9B00A2AA69 /* Frameworks */ = {
			isa = PBXFrameworksBuildPhase;
			buildActionMask = 2147483647;
			files = (
			);
			runOnlyForDeploymentPostprocessing = 0;
		};
		2FB860FB2807751900A2AA69 /* Frameworks */ = {
			isa = PBXFrameworksBuildPhase;
			buildActionMask = 2147483647;
			files = (
				2F1AF7412807B24A00E0F64C /* Domain.framework in Frameworks */,
				2F1AF73F2807B24A00E0F64C /* Data.framework in Frameworks */,
				2FB860FC2807751900A2AA69 /* SDWebImage in Frameworks */,
				2FB860FD2807751900A2AA69 /* SDWebImageMapKit in Frameworks */,
				2FB860FE2807751900A2AA69 /* IQKeyboardManagerSwift in Frameworks */,
			);
			runOnlyForDeploymentPostprocessing = 0;
		};
		2FB861122807752200A2AA69 /* Frameworks */ = {
			isa = PBXFrameworksBuildPhase;
			buildActionMask = 2147483647;
			files = (
				2F1AF7482807B25000E0F64C /* Domain.framework in Frameworks */,
				2F1AF7462807B25000E0F64C /* Data.framework in Frameworks */,
				2FB861132807752200A2AA69 /* SDWebImage in Frameworks */,
				2FB861142807752200A2AA69 /* SDWebImageMapKit in Frameworks */,
				2FB861152807752200A2AA69 /* IQKeyboardManagerSwift in Frameworks */,
			);
			runOnlyForDeploymentPostprocessing = 0;
		};
/* End PBXFrameworksBuildPhase section */

/* Begin PBXGroup section */
		2F1AF6FE28078C9300E0F64C /* Support */ = {
			isa = PBXGroup;
			children = (
				2F1AF74B2807B2B700E0F64C /* Protocols */,
				2F1AF7122807908800E0F64C /* Colors */,
				2F1AF6FF28078C9B00E0F64C /* GenericViews */,
			);
			path = Support;
			sourceTree = "<group>";
		};
		2F1AF6FF28078C9B00E0F64C /* GenericViews */ = {
			isa = PBXGroup;
			children = (
				2F1AF72828079E6D00E0F64C /* BaseViewController */,
				2F1AF70028078CA800E0F64C /* CustomLoading */,
			);
			path = GenericViews;
			sourceTree = "<group>";
		};
		2F1AF70028078CA800E0F64C /* CustomLoading */ = {
			isa = PBXGroup;
			children = (
				2F1AF70128078CB400E0F64C /* View */,
			);
			path = CustomLoading;
			sourceTree = "<group>";
		};
		2F1AF70128078CB400E0F64C /* View */ = {
			isa = PBXGroup;
			children = (
				2F1AF7672807FCF400E0F64C /* CustomLoadingView.swift */,
				2F1AF76B2807FD4100E0F64C /* CustomLoadingView.xib */,
			);
			path = View;
			sourceTree = "<group>";
		};
		2F1AF70428078CD900E0F64C /* Views */ = {
			isa = PBXGroup;
			children = (
				2F1AF70528078CED00E0F64C /* CustomViews.storyboard */,
				2F1AF7182807944000E0F64C /* Post.storyboard */,
			);
			path = Views;
			sourceTree = "<group>";
		};
		2F1AF7122807908800E0F64C /* Colors */ = {
			isa = PBXGroup;
			children = (
				2F1AF713280790C500E0F64C /* ColorPalette.swift */,
			);
			path = Colors;
			sourceTree = "<group>";
		};
		2F1AF71C2807950000E0F64C /* Presentation */ = {
			isa = PBXGroup;
			children = (
				2F1AF71D2807950600E0F64C /* Post */,
			);
			path = Presentation;
			sourceTree = "<group>";
		};
		2F1AF71D2807950600E0F64C /* Post */ = {
			isa = PBXGroup;
			children = (
				2F1AF7202807951100E0F64C /* View */,
				2F1AF71F2807950D00E0F64C /* Presenter */,
				2F1AF71E2807950900E0F64C /* Router */,
			);
			path = Post;
			sourceTree = "<group>";
		};
		2F1AF71E2807950900E0F64C /* Router */ = {
			isa = PBXGroup;
			children = (
				2F1AF72D2807B0D400E0F64C /* PostRouter.swift */,
			);
			path = Router;
			sourceTree = "<group>";
		};
		2F1AF71F2807950D00E0F64C /* Presenter */ = {
			isa = PBXGroup;
			children = (
				2F1AF7312807B1F100E0F64C /* PostPresenter.swift */,
			);
			path = Presenter;
			sourceTree = "<group>";
		};
		2F1AF7202807951100E0F64C /* View */ = {
			isa = PBXGroup;
			children = (
				2F1AF7232807951D00E0F64C /* Cell */,
				2F1AF7222807951800E0F64C /* Configurator */,
				2F1AF7212807951400E0F64C /* Controller */,
			);
			path = View;
			sourceTree = "<group>";
		};
		2F1AF7212807951400E0F64C /* Controller */ = {
			isa = PBXGroup;
			children = (
				2F1AF7242807952E00E0F64C /* PostViewController.swift */,
			);
			path = Controller;
			sourceTree = "<group>";
		};
		2F1AF7222807951800E0F64C /* Configurator */ = {
			isa = PBXGroup;
			children = (
				2F1AF7502807B30800E0F64C /* PostConfigurator.swift */,
			);
			path = Configurator;
			sourceTree = "<group>";
		};
		2F1AF7232807951D00E0F64C /* Cell */ = {
			isa = PBXGroup;
			children = (
				2F1AF7542807E31900E0F64C /* PostTableViewCell.swift */,
				2F1AF7552807E31900E0F64C /* PostTableViewCell.xib */,
			);
			path = Cell;
			sourceTree = "<group>";
		};
		2F1AF72828079E6D00E0F64C /* BaseViewController */ = {
			isa = PBXGroup;
			children = (
				2F1AF72928079E8100E0F64C /* BaseViewController.swift */,
			);
			path = BaseViewController;
			sourceTree = "<group>";
		};
		2F1AF7352807B24400E0F64C /* Frameworks */ = {
			isa = PBXGroup;
			children = (
				2F1AF7442807B25000E0F64C /* Data.framework */,
				2F1AF7452807B25000E0F64C /* Domain.framework */,
				2F1AF73D2807B24A00E0F64C /* Data.framework */,
				2F1AF73E2807B24A00E0F64C /* Domain.framework */,
				2F1AF7362807B24400E0F64C /* Data.framework */,
				2F1AF7372807B24400E0F64C /* Domain.framework */,
			);
			name = Frameworks;
			sourceTree = "<group>";
		};
		2F1AF74B2807B2B700E0F64C /* Protocols */ = {
			isa = PBXGroup;
			children = (
				2F1AF74C2807B2C700E0F64C /* Protocols.swift */,
			);
			path = Protocols;
			sourceTree = "<group>";
		};
		2FB8602128071C9A00A2AA69 = {
			isa = PBXGroup;
			children = (
				2FB8602C28071C9A00A2AA69 /* Reddit */,
				2FB8604328071C9B00A2AA69 /* RedditTests */,
				2FB8604D28071C9B00A2AA69 /* RedditUITests */,
				2FB8602B28071C9A00A2AA69 /* Products */,
				2F1AF7352807B24400E0F64C /* Frameworks */,
			);
			sourceTree = "<group>";
		};
		2FB8602B28071C9A00A2AA69 /* Products */ = {
			isa = PBXGroup;
			children = (
				2FB8602A28071C9A00A2AA69 /* Reddit.app */,
				2FB8604028071C9B00A2AA69 /* RedditTests.xctest */,
				2FB8604A28071C9B00A2AA69 /* RedditUITests.xctest */,
				2FB861062807751900A2AA69 /* Reddit UAT.app */,
				2FB8611D2807752200A2AA69 /* Reddit DEV.app */,
			);
			name = Products;
			sourceTree = "<group>";
		};
		2FB8602C28071C9A00A2AA69 /* Reddit */ = {
			isa = PBXGroup;
			children = (
				2F1AF71C2807950000E0F64C /* Presentation */,
				2F1AF70428078CD900E0F64C /* Views */,
				2F1AF6FE28078C9300E0F64C /* Support */,
				2FB860F0280746EF00A2AA69 /* Info */,
				2FB8602D28071C9A00A2AA69 /* AppDelegate.swift */,
				2FB8602F28071C9A00A2AA69 /* SceneDelegate.swift */,
				2FB8603128071C9A00A2AA69 /* ViewController.swift */,
				2FB8603328071C9A00A2AA69 /* Main.storyboard */,
				2FB8603628071C9B00A2AA69 /* Assets.xcassets */,
				2FB8603828071C9B00A2AA69 /* LaunchScreen.storyboard */,
			);
			path = Reddit;
			sourceTree = "<group>";
		};
		2FB8604328071C9B00A2AA69 /* RedditTests */ = {
			isa = PBXGroup;
			children = (
				2FB8604428071C9B00A2AA69 /* RedditTests.swift */,
			);
			path = RedditTests;
			sourceTree = "<group>";
		};
		2FB8604D28071C9B00A2AA69 /* RedditUITests */ = {
			isa = PBXGroup;
			children = (
				2FB8604E28071C9B00A2AA69 /* RedditUITests.swift */,
				2FB8605028071C9B00A2AA69 /* RedditUITestsLaunchTests.swift */,
			);
			path = RedditUITests;
			sourceTree = "<group>";
		};
		2FB860F0280746EF00A2AA69 /* Info */ = {
			isa = PBXGroup;
			children = (
				2FB8603B28071C9B00A2AA69 /* Info.plist */,
				2FB861072807751A00A2AA69 /* Info-UAT.plist */,
				2FB8611E2807752200A2AA69 /* Info-DEV.plist */,
			);
			path = Info;
			sourceTree = "<group>";
		};
/* End PBXGroup section */

/* Begin PBXNativeTarget section */
		2FB8602928071C9A00A2AA69 /* Reddit */ = {
			isa = PBXNativeTarget;
			buildConfigurationList = 2FB8605428071C9B00A2AA69 /* Build configuration list for PBXNativeTarget "Reddit" */;
			buildPhases = (
				2FB8602628071C9A00A2AA69 /* Sources */,
				2FB8602728071C9A00A2AA69 /* Frameworks */,
				2FB8602828071C9A00A2AA69 /* Resources */,
				2F1AF73C2807B24400E0F64C /* Embed Frameworks */,
			);
			buildRules = (
			);
			dependencies = (
			);
			name = Reddit;
			packageProductDependencies = (
				2FB8608A280734D600A2AA69 /* IQKeyboardManagerSwift */,
				2FB8608D280734EA00A2AA69 /* SDWebImage */,
				2FB8608F280734EA00A2AA69 /* SDWebImageMapKit */,
			);
			productName = Reddit;
			productReference = 2FB8602A28071C9A00A2AA69 /* Reddit.app */;
			productType = "com.apple.product-type.application";
		};
		2FB8603F28071C9B00A2AA69 /* RedditTests */ = {
			isa = PBXNativeTarget;
			buildConfigurationList = 2FB8605728071C9B00A2AA69 /* Build configuration list for PBXNativeTarget "RedditTests" */;
			buildPhases = (
				2FB8603C28071C9B00A2AA69 /* Sources */,
				2FB8603D28071C9B00A2AA69 /* Frameworks */,
				2FB8603E28071C9B00A2AA69 /* Resources */,
			);
			buildRules = (
			);
			dependencies = (
				2FB8604228071C9B00A2AA69 /* PBXTargetDependency */,
			);
			name = RedditTests;
			productName = RedditTests;
			productReference = 2FB8604028071C9B00A2AA69 /* RedditTests.xctest */;
			productType = "com.apple.product-type.bundle.unit-test";
		};
		2FB8604928071C9B00A2AA69 /* RedditUITests */ = {
			isa = PBXNativeTarget;
			buildConfigurationList = 2FB8605A28071C9B00A2AA69 /* Build configuration list for PBXNativeTarget "RedditUITests" */;
			buildPhases = (
				2FB8604628071C9B00A2AA69 /* Sources */,
				2FB8604728071C9B00A2AA69 /* Frameworks */,
				2FB8604828071C9B00A2AA69 /* Resources */,
			);
			buildRules = (
			);
			dependencies = (
				2FB8604C28071C9B00A2AA69 /* PBXTargetDependency */,
			);
			name = RedditUITests;
			productName = RedditUITests;
			productReference = 2FB8604A28071C9B00A2AA69 /* RedditUITests.xctest */;
			productType = "com.apple.product-type.bundle.ui-testing";
		};
		2FB860F12807751900A2AA69 /* Reddit UAT */ = {
			isa = PBXNativeTarget;
			buildConfigurationList = 2FB861032807751900A2AA69 /* Build configuration list for PBXNativeTarget "Reddit UAT" */;
			buildPhases = (
				2FB860F72807751900A2AA69 /* Sources */,
				2FB860FB2807751900A2AA69 /* Frameworks */,
				2FB860FF2807751900A2AA69 /* Resources */,
				2F1AF7432807B24A00E0F64C /* Embed Frameworks */,
			);
			buildRules = (
			);
			dependencies = (
			);
			name = "Reddit UAT";
			packageProductDependencies = (
				2FB860F22807751900A2AA69 /* IQKeyboardManagerSwift */,
				2FB860F42807751900A2AA69 /* SDWebImage */,
				2FB860F62807751900A2AA69 /* SDWebImageMapKit */,
			);
			productName = Reddit;
			productReference = 2FB861062807751900A2AA69 /* Reddit UAT.app */;
			productType = "com.apple.product-type.application";
		};
		2FB861082807752200A2AA69 /* Reddit DEV */ = {
			isa = PBXNativeTarget;
			buildConfigurationList = 2FB8611A2807752200A2AA69 /* Build configuration list for PBXNativeTarget "Reddit DEV" */;
			buildPhases = (
				2FB8610E2807752200A2AA69 /* Sources */,
				2FB861122807752200A2AA69 /* Frameworks */,
				2FB861162807752200A2AA69 /* Resources */,
				2F1AF74A2807B25000E0F64C /* Embed Frameworks */,
			);
			buildRules = (
			);
			dependencies = (
			);
			name = "Reddit DEV";
			packageProductDependencies = (
				2FB861092807752200A2AA69 /* IQKeyboardManagerSwift */,
				2FB8610B2807752200A2AA69 /* SDWebImage */,
				2FB8610D2807752200A2AA69 /* SDWebImageMapKit */,
			);
			productName = Reddit;
			productReference = 2FB8611D2807752200A2AA69 /* Reddit DEV.app */;
			productType = "com.apple.product-type.application";
		};
/* End PBXNativeTarget section */

/* Begin PBXProject section */
		2FB8602228071C9A00A2AA69 /* Project object */ = {
			isa = PBXProject;
			attributes = {
				BuildIndependentTargetsInParallel = 1;
				LastSwiftUpdateCheck = 1330;
				LastUpgradeCheck = 1330;
				TargetAttributes = {
					2FB8602928071C9A00A2AA69 = {
						CreatedOnToolsVersion = 13.3.1;
					};
					2FB8603F28071C9B00A2AA69 = {
						CreatedOnToolsVersion = 13.3.1;
						TestTargetID = 2FB8602928071C9A00A2AA69;
					};
					2FB8604928071C9B00A2AA69 = {
						CreatedOnToolsVersion = 13.3.1;
						TestTargetID = 2FB8602928071C9A00A2AA69;
					};
				};
			};
			buildConfigurationList = 2FB8602528071C9A00A2AA69 /* Build configuration list for PBXProject "Reddit" */;
			compatibilityVersion = "Xcode 13.0";
			developmentRegion = en;
			hasScannedForEncodings = 0;
			knownRegions = (
				en,
				Base,
			);
			mainGroup = 2FB8602128071C9A00A2AA69;
			packageReferences = (
				2FB86089280734D600A2AA69 /* XCRemoteSwiftPackageReference "IQKeyboardManager" */,
				2FB8608C280734EA00A2AA69 /* XCRemoteSwiftPackageReference "SDWebImage" */,
			);
			productRefGroup = 2FB8602B28071C9A00A2AA69 /* Products */;
			projectDirPath = "";
			projectRoot = "";
			targets = (
				2FB8602928071C9A00A2AA69 /* Reddit */,
				2FB860F12807751900A2AA69 /* Reddit UAT */,
				2FB861082807752200A2AA69 /* Reddit DEV */,
				2FB8603F28071C9B00A2AA69 /* RedditTests */,
				2FB8604928071C9B00A2AA69 /* RedditUITests */,
			);
		};
/* End PBXProject section */

/* Begin PBXResourcesBuildPhase section */
		2FB8602828071C9A00A2AA69 /* Resources */ = {
			isa = PBXResourcesBuildPhase;
			buildActionMask = 2147483647;
			files = (
				2F1AF76C2807FD4100E0F64C /* CustomLoadingView.xib in Resources */,
				2FB8603A28071C9B00A2AA69 /* LaunchScreen.storyboard in Resources */,
				2FB8603728071C9B00A2AA69 /* Assets.xcassets in Resources */,
				2F1AF70628078CED00E0F64C /* CustomViews.storyboard in Resources */,
				2F1AF7592807E31900E0F64C /* PostTableViewCell.xib in Resources */,
				2F1AF7192807944000E0F64C /* Post.storyboard in Resources */,
				2FB8603528071C9A00A2AA69 /* Main.storyboard in Resources */,
			);
			runOnlyForDeploymentPostprocessing = 0;
		};
		2FB8603E28071C9B00A2AA69 /* Resources */ = {
			isa = PBXResourcesBuildPhase;
			buildActionMask = 2147483647;
			files = (
			);
			runOnlyForDeploymentPostprocessing = 0;
		};
		2FB8604828071C9B00A2AA69 /* Resources */ = {
			isa = PBXResourcesBuildPhase;
			buildActionMask = 2147483647;
			files = (
			);
			runOnlyForDeploymentPostprocessing = 0;
		};
		2FB860FF2807751900A2AA69 /* Resources */ = {
			isa = PBXResourcesBuildPhase;
			buildActionMask = 2147483647;
			files = (
				2F1AF76D2807FD4100E0F64C /* CustomLoadingView.xib in Resources */,
				2FB861002807751900A2AA69 /* LaunchScreen.storyboard in Resources */,
				2FB861012807751900A2AA69 /* Assets.xcassets in Resources */,
				2F1AF70728078CED00E0F64C /* CustomViews.storyboard in Resources */,
				2F1AF75A2807E31900E0F64C /* PostTableViewCell.xib in Resources */,
				2F1AF71A2807944000E0F64C /* Post.storyboard in Resources */,
				2FB861022807751900A2AA69 /* Main.storyboard in Resources */,
			);
			runOnlyForDeploymentPostprocessing = 0;
		};
		2FB861162807752200A2AA69 /* Resources */ = {
			isa = PBXResourcesBuildPhase;
			buildActionMask = 2147483647;
			files = (
				2F1AF76E2807FD4100E0F64C /* CustomLoadingView.xib in Resources */,
				2FB861172807752200A2AA69 /* LaunchScreen.storyboard in Resources */,
				2FB861182807752200A2AA69 /* Assets.xcassets in Resources */,
				2F1AF70828078CED00E0F64C /* CustomViews.storyboard in Resources */,
				2F1AF75B2807E31900E0F64C /* PostTableViewCell.xib in Resources */,
				2F1AF71B2807944000E0F64C /* Post.storyboard in Resources */,
				2FB861192807752200A2AA69 /* Main.storyboard in Resources */,
			);
			runOnlyForDeploymentPostprocessing = 0;
		};
/* End PBXResourcesBuildPhase section */

/* Begin PBXSourcesBuildPhase section */
		2FB8602628071C9A00A2AA69 /* Sources */ = {
			isa = PBXSourcesBuildPhase;
			buildActionMask = 2147483647;
			files = (
				2F1AF7252807952E00E0F64C /* PostViewController.swift in Sources */,
				2F1AF714280790C500E0F64C /* ColorPalette.swift in Sources */,
				2F1AF7322807B1F100E0F64C /* PostPresenter.swift in Sources */,
				2F1AF72E2807B0D400E0F64C /* PostRouter.swift in Sources */,
				2F1AF7512807B30800E0F64C /* PostConfigurator.swift in Sources */,
				2F1AF74D2807B2C700E0F64C /* Protocols.swift in Sources */,
				2FB8603228071C9A00A2AA69 /* ViewController.swift in Sources */,
				2FB8602E28071C9A00A2AA69 /* AppDelegate.swift in Sources */,
				2F1AF72A28079E8100E0F64C /* BaseViewController.swift in Sources */,
				2F1AF7682807FCF400E0F64C /* CustomLoadingView.swift in Sources */,
				2FB8603028071C9A00A2AA69 /* SceneDelegate.swift in Sources */,
				2F1AF7562807E31900E0F64C /* PostTableViewCell.swift in Sources */,
			);
			runOnlyForDeploymentPostprocessing = 0;
		};
		2FB8603C28071C9B00A2AA69 /* Sources */ = {
			isa = PBXSourcesBuildPhase;
			buildActionMask = 2147483647;
			files = (
				2FB8604528071C9B00A2AA69 /* RedditTests.swift in Sources */,
			);
			runOnlyForDeploymentPostprocessing = 0;
		};
		2FB8604628071C9B00A2AA69 /* Sources */ = {
			isa = PBXSourcesBuildPhase;
			buildActionMask = 2147483647;
			files = (
				2FB8605128071C9B00A2AA69 /* RedditUITestsLaunchTests.swift in Sources */,
				2FB8604F28071C9B00A2AA69 /* RedditUITests.swift in Sources */,
			);
			runOnlyForDeploymentPostprocessing = 0;
		};
		2FB860F72807751900A2AA69 /* Sources */ = {
			isa = PBXSourcesBuildPhase;
			buildActionMask = 2147483647;
			files = (
				2F1AF7262807952E00E0F64C /* PostViewController.swift in Sources */,
				2F1AF715280790C500E0F64C /* ColorPalette.swift in Sources */,
				2F1AF7332807B1F100E0F64C /* PostPresenter.swift in Sources */,
				2F1AF72F2807B0D400E0F64C /* PostRouter.swift in Sources */,
				2F1AF7522807B30800E0F64C /* PostConfigurator.swift in Sources */,
				2F1AF74E2807B2C700E0F64C /* Protocols.swift in Sources */,
				2FB860F82807751900A2AA69 /* ViewController.swift in Sources */,
				2FB860F92807751900A2AA69 /* AppDelegate.swift in Sources */,
				2F1AF72B28079E8100E0F64C /* BaseViewController.swift in Sources */,
				2F1AF7692807FCF400E0F64C /* CustomLoadingView.swift in Sources */,
				2FB860FA2807751900A2AA69 /* SceneDelegate.swift in Sources */,
				2F1AF7572807E31900E0F64C /* PostTableViewCell.swift in Sources */,
			);
			runOnlyForDeploymentPostprocessing = 0;
		};
		2FB8610E2807752200A2AA69 /* Sources */ = {
			isa = PBXSourcesBuildPhase;
			buildActionMask = 2147483647;
			files = (
				2F1AF7272807952E00E0F64C /* PostViewController.swift in Sources */,
				2F1AF716280790C500E0F64C /* ColorPalette.swift in Sources */,
				2F1AF7342807B1F100E0F64C /* PostPresenter.swift in Sources */,
				2F1AF7302807B0D400E0F64C /* PostRouter.swift in Sources */,
				2F1AF7532807B30800E0F64C /* PostConfigurator.swift in Sources */,
				2F1AF74F2807B2C700E0F64C /* Protocols.swift in Sources */,
				2FB8610F2807752200A2AA69 /* ViewController.swift in Sources */,
				2FB861102807752200A2AA69 /* AppDelegate.swift in Sources */,
				2F1AF72C28079E8100E0F64C /* BaseViewController.swift in Sources */,
				2F1AF76A2807FCF400E0F64C /* CustomLoadingView.swift in Sources */,
				2FB861112807752200A2AA69 /* SceneDelegate.swift in Sources */,
				2F1AF7582807E31900E0F64C /* PostTableViewCell.swift in Sources */,
			);
			runOnlyForDeploymentPostprocessing = 0;
		};
/* End PBXSourcesBuildPhase section */

/* Begin PBXTargetDependency section */
		2FB8604228071C9B00A2AA69 /* PBXTargetDependency */ = {
			isa = PBXTargetDependency;
			target = 2FB8602928071C9A00A2AA69 /* Reddit */;
			targetProxy = 2FB8604128071C9B00A2AA69 /* PBXContainerItemProxy */;
		};
		2FB8604C28071C9B00A2AA69 /* PBXTargetDependency */ = {
			isa = PBXTargetDependency;
			target = 2FB8602928071C9A00A2AA69 /* Reddit */;
			targetProxy = 2FB8604B28071C9B00A2AA69 /* PBXContainerItemProxy */;
		};
/* End PBXTargetDependency section */

/* Begin PBXVariantGroup section */
		2FB8603328071C9A00A2AA69 /* Main.storyboard */ = {
			isa = PBXVariantGroup;
			children = (
				2FB8603428071C9A00A2AA69 /* Base */,
			);
			name = Main.storyboard;
			sourceTree = "<group>";
		};
		2FB8603828071C9B00A2AA69 /* LaunchScreen.storyboard */ = {
			isa = PBXVariantGroup;
			children = (
				2FB8603928071C9B00A2AA69 /* Base */,
			);
			name = LaunchScreen.storyboard;
			sourceTree = "<group>";
		};
/* End PBXVariantGroup section */

/* Begin XCBuildConfiguration section */
		2FB8605228071C9B00A2AA69 /* Debug */ = {
			isa = XCBuildConfiguration;
			buildSettings = {
				ALWAYS_SEARCH_USER_PATHS = NO;
				CLANG_ANALYZER_NONNULL = YES;
				CLANG_ANALYZER_NUMBER_OBJECT_CONVERSION = YES_AGGRESSIVE;
				CLANG_CXX_LANGUAGE_STANDARD = "gnu++17";
				CLANG_ENABLE_MODULES = YES;
				CLANG_ENABLE_OBJC_ARC = YES;
				CLANG_ENABLE_OBJC_WEAK = YES;
				CLANG_WARN_BLOCK_CAPTURE_AUTORELEASING = YES;
				CLANG_WARN_BOOL_CONVERSION = YES;
				CLANG_WARN_COMMA = YES;
				CLANG_WARN_CONSTANT_CONVERSION = YES;
				CLANG_WARN_DEPRECATED_OBJC_IMPLEMENTATIONS = YES;
				CLANG_WARN_DIRECT_OBJC_ISA_USAGE = YES_ERROR;
				CLANG_WARN_DOCUMENTATION_COMMENTS = YES;
				CLANG_WARN_EMPTY_BODY = YES;
				CLANG_WARN_ENUM_CONVERSION = YES;
				CLANG_WARN_INFINITE_RECURSION = YES;
				CLANG_WARN_INT_CONVERSION = YES;
				CLANG_WARN_NON_LITERAL_NULL_CONVERSION = YES;
				CLANG_WARN_OBJC_IMPLICIT_RETAIN_SELF = YES;
				CLANG_WARN_OBJC_LITERAL_CONVERSION = YES;
				CLANG_WARN_OBJC_ROOT_CLASS = YES_ERROR;
				CLANG_WARN_QUOTED_INCLUDE_IN_FRAMEWORK_HEADER = YES;
				CLANG_WARN_RANGE_LOOP_ANALYSIS = YES;
				CLANG_WARN_STRICT_PROTOTYPES = YES;
				CLANG_WARN_SUSPICIOUS_MOVE = YES;
				CLANG_WARN_UNGUARDED_AVAILABILITY = YES_AGGRESSIVE;
				CLANG_WARN_UNREACHABLE_CODE = YES;
				CLANG_WARN__DUPLICATE_METHOD_MATCH = YES;
				COPY_PHASE_STRIP = NO;
				DEBUG_INFORMATION_FORMAT = dwarf;
				ENABLE_STRICT_OBJC_MSGSEND = YES;
				ENABLE_TESTABILITY = YES;
				GCC_C_LANGUAGE_STANDARD = gnu11;
				GCC_DYNAMIC_NO_PIC = NO;
				GCC_NO_COMMON_BLOCKS = YES;
				GCC_OPTIMIZATION_LEVEL = 0;
				GCC_PREPROCESSOR_DEFINITIONS = (
					"DEBUG=1",
					"$(inherited)",
				);
				GCC_WARN_64_TO_32_BIT_CONVERSION = YES;
				GCC_WARN_ABOUT_RETURN_TYPE = YES_ERROR;
				GCC_WARN_UNDECLARED_SELECTOR = YES;
				GCC_WARN_UNINITIALIZED_AUTOS = YES_AGGRESSIVE;
				GCC_WARN_UNUSED_FUNCTION = YES;
				GCC_WARN_UNUSED_VARIABLE = YES;
				IPHONEOS_DEPLOYMENT_TARGET = 15.4;
				MTL_ENABLE_DEBUG_INFO = INCLUDE_SOURCE;
				MTL_FAST_MATH = YES;
				ONLY_ACTIVE_ARCH = YES;
				SDKROOT = iphoneos;
				SWIFT_ACTIVE_COMPILATION_CONDITIONS = DEBUG;
				SWIFT_OPTIMIZATION_LEVEL = "-Onone";
			};
			name = Debug;
		};
		2FB8605328071C9B00A2AA69 /* Release */ = {
			isa = XCBuildConfiguration;
			buildSettings = {
				ALWAYS_SEARCH_USER_PATHS = NO;
				CLANG_ANALYZER_NONNULL = YES;
				CLANG_ANALYZER_NUMBER_OBJECT_CONVERSION = YES_AGGRESSIVE;
				CLANG_CXX_LANGUAGE_STANDARD = "gnu++17";
				CLANG_ENABLE_MODULES = YES;
				CLANG_ENABLE_OBJC_ARC = YES;
				CLANG_ENABLE_OBJC_WEAK = YES;
				CLANG_WARN_BLOCK_CAPTURE_AUTORELEASING = YES;
				CLANG_WARN_BOOL_CONVERSION = YES;
				CLANG_WARN_COMMA = YES;
				CLANG_WARN_CONSTANT_CONVERSION = YES;
				CLANG_WARN_DEPRECATED_OBJC_IMPLEMENTATIONS = YES;
				CLANG_WARN_DIRECT_OBJC_ISA_USAGE = YES_ERROR;
				CLANG_WARN_DOCUMENTATION_COMMENTS = YES;
				CLANG_WARN_EMPTY_BODY = YES;
				CLANG_WARN_ENUM_CONVERSION = YES;
				CLANG_WARN_INFINITE_RECURSION = YES;
				CLANG_WARN_INT_CONVERSION = YES;
				CLANG_WARN_NON_LITERAL_NULL_CONVERSION = YES;
				CLANG_WARN_OBJC_IMPLICIT_RETAIN_SELF = YES;
				CLANG_WARN_OBJC_LITERAL_CONVERSION = YES;
				CLANG_WARN_OBJC_ROOT_CLASS = YES_ERROR;
				CLANG_WARN_QUOTED_INCLUDE_IN_FRAMEWORK_HEADER = YES;
				CLANG_WARN_RANGE_LOOP_ANALYSIS = YES;
				CLANG_WARN_STRICT_PROTOTYPES = YES;
				CLANG_WARN_SUSPICIOUS_MOVE = YES;
				CLANG_WARN_UNGUARDED_AVAILABILITY = YES_AGGRESSIVE;
				CLANG_WARN_UNREACHABLE_CODE = YES;
				CLANG_WARN__DUPLICATE_METHOD_MATCH = YES;
				COPY_PHASE_STRIP = NO;
				DEBUG_INFORMATION_FORMAT = "dwarf-with-dsym";
				ENABLE_NS_ASSERTIONS = NO;
				ENABLE_STRICT_OBJC_MSGSEND = YES;
				GCC_C_LANGUAGE_STANDARD = gnu11;
				GCC_NO_COMMON_BLOCKS = YES;
				GCC_WARN_64_TO_32_BIT_CONVERSION = YES;
				GCC_WARN_ABOUT_RETURN_TYPE = YES_ERROR;
				GCC_WARN_UNDECLARED_SELECTOR = YES;
				GCC_WARN_UNINITIALIZED_AUTOS = YES_AGGRESSIVE;
				GCC_WARN_UNUSED_FUNCTION = YES;
				GCC_WARN_UNUSED_VARIABLE = YES;
				IPHONEOS_DEPLOYMENT_TARGET = 15.4;
				MTL_ENABLE_DEBUG_INFO = NO;
				MTL_FAST_MATH = YES;
				SDKROOT = iphoneos;
				SWIFT_COMPILATION_MODE = wholemodule;
				SWIFT_OPTIMIZATION_LEVEL = "-O";
				VALIDATE_PRODUCT = YES;
			};
			name = Release;
		};
		2FB8605528071C9B00A2AA69 /* Debug */ = {
			isa = XCBuildConfiguration;
			buildSettings = {
				ASSETCATALOG_COMPILER_APPICON_NAME = AppIcon;
				ASSETCATALOG_COMPILER_GLOBAL_ACCENT_COLOR_NAME = AccentColor;
				CODE_SIGN_STYLE = Automatic;
				CURRENT_PROJECT_VERSION = 1;
				DEVELOPMENT_TEAM = 22P58SR4VW;
				GENERATE_INFOPLIST_FILE = YES;
				INFOPLIST_FILE = Reddit/Info/Info.plist;
				INFOPLIST_KEY_UIApplicationSupportsIndirectInputEvents = YES;
				INFOPLIST_KEY_UILaunchStoryboardName = LaunchScreen;
				INFOPLIST_KEY_UIMainStoryboardFile = Post;
				INFOPLIST_KEY_UISupportedInterfaceOrientations_iPad = "UIInterfaceOrientationPortrait UIInterfaceOrientationPortraitUpsideDown UIInterfaceOrientationLandscapeLeft UIInterfaceOrientationLandscapeRight";
				INFOPLIST_KEY_UISupportedInterfaceOrientations_iPhone = "UIInterfaceOrientationPortrait UIInterfaceOrientationLandscapeLeft UIInterfaceOrientationLandscapeRight";
				LD_RUNPATH_SEARCH_PATHS = (
					"$(inherited)",
					"@executable_path/Frameworks",
				);
				MARKETING_VERSION = 1.0;
				PRODUCT_BUNDLE_IDENTIFIER = com.mvelasquezherrera.Reddit;
				PRODUCT_NAME = "$(TARGET_NAME)";
				SWIFT_EMIT_LOC_STRINGS = YES;
				SWIFT_VERSION = 5.0;
				TARGETED_DEVICE_FAMILY = "1,2";
			};
			name = Debug;
		};
		2FB8605628071C9B00A2AA69 /* Release */ = {
			isa = XCBuildConfiguration;
			buildSettings = {
				ASSETCATALOG_COMPILER_APPICON_NAME = AppIcon;
				ASSETCATALOG_COMPILER_GLOBAL_ACCENT_COLOR_NAME = AccentColor;
				CODE_SIGN_STYLE = Automatic;
				CURRENT_PROJECT_VERSION = 1;
				DEVELOPMENT_TEAM = 22P58SR4VW;
				GENERATE_INFOPLIST_FILE = YES;
				INFOPLIST_FILE = Reddit/Info/Info.plist;
				INFOPLIST_KEY_UIApplicationSupportsIndirectInputEvents = YES;
				INFOPLIST_KEY_UILaunchStoryboardName = LaunchScreen;
				INFOPLIST_KEY_UIMainStoryboardFile = Post;
				INFOPLIST_KEY_UISupportedInterfaceOrientations_iPad = "UIInterfaceOrientationPortrait UIInterfaceOrientationPortraitUpsideDown UIInterfaceOrientationLandscapeLeft UIInterfaceOrientationLandscapeRight";
				INFOPLIST_KEY_UISupportedInterfaceOrientations_iPhone = "UIInterfaceOrientationPortrait UIInterfaceOrientationLandscapeLeft UIInterfaceOrientationLandscapeRight";
				LD_RUNPATH_SEARCH_PATHS = (
					"$(inherited)",
					"@executable_path/Frameworks",
				);
				MARKETING_VERSION = 1.0;
				PRODUCT_BUNDLE_IDENTIFIER = com.mvelasquezherrera.Reddit;
				PRODUCT_NAME = "$(TARGET_NAME)";
				SWIFT_EMIT_LOC_STRINGS = YES;
				SWIFT_VERSION = 5.0;
				TARGETED_DEVICE_FAMILY = "1,2";
			};
			name = Release;
		};
		2FB8605828071C9B00A2AA69 /* Debug */ = {
			isa = XCBuildConfiguration;
			buildSettings = {
				ALWAYS_EMBED_SWIFT_STANDARD_LIBRARIES = YES;
				BUNDLE_LOADER = "$(TEST_HOST)";
				CODE_SIGN_STYLE = Automatic;
				CURRENT_PROJECT_VERSION = 1;
				DEVELOPMENT_TEAM = 22P58SR4VW;
				GENERATE_INFOPLIST_FILE = YES;
				IPHONEOS_DEPLOYMENT_TARGET = 15.4;
				MARKETING_VERSION = 1.0;
				PRODUCT_BUNDLE_IDENTIFIER = com.mvelasquezherrera.RedditTests;
				PRODUCT_NAME = "$(TARGET_NAME)";
				SWIFT_EMIT_LOC_STRINGS = NO;
				SWIFT_VERSION = 5.0;
				TARGETED_DEVICE_FAMILY = "1,2";
				TEST_HOST = "$(BUILT_PRODUCTS_DIR)/Reddit.app/Reddit";
			};
			name = Debug;
		};
		2FB8605928071C9B00A2AA69 /* Release */ = {
			isa = XCBuildConfiguration;
			buildSettings = {
				ALWAYS_EMBED_SWIFT_STANDARD_LIBRARIES = YES;
				BUNDLE_LOADER = "$(TEST_HOST)";
				CODE_SIGN_STYLE = Automatic;
				CURRENT_PROJECT_VERSION = 1;
				DEVELOPMENT_TEAM = 22P58SR4VW;
				GENERATE_INFOPLIST_FILE = YES;
				IPHONEOS_DEPLOYMENT_TARGET = 15.4;
				MARKETING_VERSION = 1.0;
				PRODUCT_BUNDLE_IDENTIFIER = com.mvelasquezherrera.RedditTests;
				PRODUCT_NAME = "$(TARGET_NAME)";
				SWIFT_EMIT_LOC_STRINGS = NO;
				SWIFT_VERSION = 5.0;
				TARGETED_DEVICE_FAMILY = "1,2";
				TEST_HOST = "$(BUILT_PRODUCTS_DIR)/Reddit.app/Reddit";
			};
			name = Release;
		};
		2FB8605B28071C9B00A2AA69 /* Debug */ = {
			isa = XCBuildConfiguration;
			buildSettings = {
				ALWAYS_EMBED_SWIFT_STANDARD_LIBRARIES = YES;
				CODE_SIGN_STYLE = Automatic;
				CURRENT_PROJECT_VERSION = 1;
				DEVELOPMENT_TEAM = 22P58SR4VW;
				GENERATE_INFOPLIST_FILE = YES;
				MARKETING_VERSION = 1.0;
				PRODUCT_BUNDLE_IDENTIFIER = com.mvelasquezherrera.RedditUITests;
				PRODUCT_NAME = "$(TARGET_NAME)";
				SWIFT_EMIT_LOC_STRINGS = NO;
				SWIFT_VERSION = 5.0;
				TARGETED_DEVICE_FAMILY = "1,2";
				TEST_TARGET_NAME = Reddit;
			};
			name = Debug;
		};
		2FB8605C28071C9B00A2AA69 /* Release */ = {
			isa = XCBuildConfiguration;
			buildSettings = {
				ALWAYS_EMBED_SWIFT_STANDARD_LIBRARIES = YES;
				CODE_SIGN_STYLE = Automatic;
				CURRENT_PROJECT_VERSION = 1;
				DEVELOPMENT_TEAM = 22P58SR4VW;
				GENERATE_INFOPLIST_FILE = YES;
				MARKETING_VERSION = 1.0;
				PRODUCT_BUNDLE_IDENTIFIER = com.mvelasquezherrera.RedditUITests;
				PRODUCT_NAME = "$(TARGET_NAME)";
				SWIFT_EMIT_LOC_STRINGS = NO;
				SWIFT_VERSION = 5.0;
				TARGETED_DEVICE_FAMILY = "1,2";
				TEST_TARGET_NAME = Reddit;
			};
			name = Release;
		};
		2FB861042807751900A2AA69 /* Debug */ = {
			isa = XCBuildConfiguration;
			buildSettings = {
				ASSETCATALOG_COMPILER_APPICON_NAME = AppIcon;
				ASSETCATALOG_COMPILER_GLOBAL_ACCENT_COLOR_NAME = AccentColor;
				CODE_SIGN_STYLE = Automatic;
				CURRENT_PROJECT_VERSION = 1;
				DEVELOPMENT_TEAM = 22P58SR4VW;
				GENERATE_INFOPLIST_FILE = YES;
				INFOPLIST_FILE = "Reddit/Info/Info-UAT.plist";
				INFOPLIST_KEY_UIApplicationSupportsIndirectInputEvents = YES;
				INFOPLIST_KEY_UILaunchStoryboardName = LaunchScreen;
				INFOPLIST_KEY_UIMainStoryboardFile = Post;
				INFOPLIST_KEY_UISupportedInterfaceOrientations_iPad = "UIInterfaceOrientationPortrait UIInterfaceOrientationPortraitUpsideDown UIInterfaceOrientationLandscapeLeft UIInterfaceOrientationLandscapeRight";
				INFOPLIST_KEY_UISupportedInterfaceOrientations_iPhone = "UIInterfaceOrientationPortrait UIInterfaceOrientationLandscapeLeft UIInterfaceOrientationLandscapeRight";
				LD_RUNPATH_SEARCH_PATHS = (
					"$(inherited)",
					"@executable_path/Frameworks",
				);
				MARKETING_VERSION = 1.0;
				PRODUCT_BUNDLE_IDENTIFIER = com.mvelasquezherrera.Reddit.uat;
				PRODUCT_NAME = "$(TARGET_NAME)";
				SWIFT_EMIT_LOC_STRINGS = YES;
				SWIFT_VERSION = 5.0;
				TARGETED_DEVICE_FAMILY = "1,2";
			};
			name = Debug;
		};
		2FB861052807751900A2AA69 /* Release */ = {
			isa = XCBuildConfiguration;
			buildSettings = {
				ASSETCATALOG_COMPILER_APPICON_NAME = AppIcon;
				ASSETCATALOG_COMPILER_GLOBAL_ACCENT_COLOR_NAME = AccentColor;
				CODE_SIGN_STYLE = Automatic;
				CURRENT_PROJECT_VERSION = 1;
				DEVELOPMENT_TEAM = 22P58SR4VW;
				GENERATE_INFOPLIST_FILE = YES;
				INFOPLIST_FILE = "Reddit/Info/Info-UAT.plist";
				INFOPLIST_KEY_UIApplicationSupportsIndirectInputEvents = YES;
				INFOPLIST_KEY_UILaunchStoryboardName = LaunchScreen;
				INFOPLIST_KEY_UIMainStoryboardFile = Post;
				INFOPLIST_KEY_UISupportedInterfaceOrientations_iPad = "UIInterfaceOrientationPortrait UIInterfaceOrientationPortraitUpsideDown UIInterfaceOrientationLandscapeLeft UIInterfaceOrientationLandscapeRight";
				INFOPLIST_KEY_UISupportedInterfaceOrientations_iPhone = "UIInterfaceOrientationPortrait UIInterfaceOrientationLandscapeLeft UIInterfaceOrientationLandscapeRight";
				LD_RUNPATH_SEARCH_PATHS = (
					"$(inherited)",
					"@executable_path/Frameworks",
				);
				MARKETING_VERSION = 1.0;
				PRODUCT_BUNDLE_IDENTIFIER = com.mvelasquezherrera.Reddit.uat;
				PRODUCT_NAME = "$(TARGET_NAME)";
				SWIFT_EMIT_LOC_STRINGS = YES;
				SWIFT_VERSION = 5.0;
				TARGETED_DEVICE_FAMILY = "1,2";
			};
			name = Release;
		};
		2FB8611B2807752200A2AA69 /* Debug */ = {
			isa = XCBuildConfiguration;
			buildSettings = {
				ASSETCATALOG_COMPILER_APPICON_NAME = AppIcon;
				ASSETCATALOG_COMPILER_GLOBAL_ACCENT_COLOR_NAME = AccentColor;
				CODE_SIGN_STYLE = Automatic;
				CURRENT_PROJECT_VERSION = 1;
				DEVELOPMENT_TEAM = 22P58SR4VW;
				GENERATE_INFOPLIST_FILE = YES;
				INFOPLIST_FILE = "Reddit/Info/Info-DEV.plist";
				INFOPLIST_KEY_UIApplicationSupportsIndirectInputEvents = YES;
				INFOPLIST_KEY_UILaunchStoryboardName = LaunchScreen;
				INFOPLIST_KEY_UIMainStoryboardFile = Post;
				INFOPLIST_KEY_UISupportedInterfaceOrientations_iPad = "UIInterfaceOrientationPortrait UIInterfaceOrientationPortraitUpsideDown UIInterfaceOrientationLandscapeLeft UIInterfaceOrientationLandscapeRight";
				INFOPLIST_KEY_UISupportedInterfaceOrientations_iPhone = "UIInterfaceOrientationPortrait UIInterfaceOrientationLandscapeLeft UIInterfaceOrientationLandscapeRight";
				LD_RUNPATH_SEARCH_PATHS = (
					"$(inherited)",
					"@executable_path/Frameworks",
				);
				MARKETING_VERSION = 1.0;
				PRODUCT_BUNDLE_IDENTIFIER = com.mvelasquezherrera.Reddit.dev;
				PRODUCT_NAME = "$(TARGET_NAME)";
				SWIFT_EMIT_LOC_STRINGS = YES;
				SWIFT_VERSION = 5.0;
				TARGETED_DEVICE_FAMILY = "1,2";
			};
			name = Debug;
		};
		2FB8611C2807752200A2AA69 /* Release */ = {
			isa = XCBuildConfiguration;
			buildSettings = {
				ASSETCATALOG_COMPILER_APPICON_NAME = AppIcon;
				ASSETCATALOG_COMPILER_GLOBAL_ACCENT_COLOR_NAME = AccentColor;
				CODE_SIGN_STYLE = Automatic;
				CURRENT_PROJECT_VERSION = 1;
				DEVELOPMENT_TEAM = 22P58SR4VW;
				GENERATE_INFOPLIST_FILE = YES;
				INFOPLIST_FILE = "Reddit/Info/Info-DEV.plist";
				INFOPLIST_KEY_UIApplicationSupportsIndirectInputEvents = YES;
				INFOPLIST_KEY_UILaunchStoryboardName = LaunchScreen;
				INFOPLIST_KEY_UIMainStoryboardFile = Post;
				INFOPLIST_KEY_UISupportedInterfaceOrientations_iPad = "UIInterfaceOrientationPortrait UIInterfaceOrientationPortraitUpsideDown UIInterfaceOrientationLandscapeLeft UIInterfaceOrientationLandscapeRight";
				INFOPLIST_KEY_UISupportedInterfaceOrientations_iPhone = "UIInterfaceOrientationPortrait UIInterfaceOrientationLandscapeLeft UIInterfaceOrientationLandscapeRight";
				LD_RUNPATH_SEARCH_PATHS = (
					"$(inherited)",
					"@executable_path/Frameworks",
				);
				MARKETING_VERSION = 1.0;
				PRODUCT_BUNDLE_IDENTIFIER = com.mvelasquezherrera.Reddit.dev;
				PRODUCT_NAME = "$(TARGET_NAME)";
				SWIFT_EMIT_LOC_STRINGS = YES;
				SWIFT_VERSION = 5.0;
				TARGETED_DEVICE_FAMILY = "1,2";
			};
			name = Release;
		};
/* End XCBuildConfiguration section */

/* Begin XCConfigurationList section */
		2FB8602528071C9A00A2AA69 /* Build configuration list for PBXProject "Reddit" */ = {
			isa = XCConfigurationList;
			buildConfigurations = (
				2FB8605228071C9B00A2AA69 /* Debug */,
				2FB8605328071C9B00A2AA69 /* Release */,
			);
			defaultConfigurationIsVisible = 0;
			defaultConfigurationName = Release;
		};
		2FB8605428071C9B00A2AA69 /* Build configuration list for PBXNativeTarget "Reddit" */ = {
			isa = XCConfigurationList;
			buildConfigurations = (
				2FB8605528071C9B00A2AA69 /* Debug */,
				2FB8605628071C9B00A2AA69 /* Release */,
			);
			defaultConfigurationIsVisible = 0;
			defaultConfigurationName = Release;
		};
		2FB8605728071C9B00A2AA69 /* Build configuration list for PBXNativeTarget "RedditTests" */ = {
			isa = XCConfigurationList;
			buildConfigurations = (
				2FB8605828071C9B00A2AA69 /* Debug */,
				2FB8605928071C9B00A2AA69 /* Release */,
			);
			defaultConfigurationIsVisible = 0;
			defaultConfigurationName = Release;
		};
		2FB8605A28071C9B00A2AA69 /* Build configuration list for PBXNativeTarget "RedditUITests" */ = {
			isa = XCConfigurationList;
			buildConfigurations = (
				2FB8605B28071C9B00A2AA69 /* Debug */,
				2FB8605C28071C9B00A2AA69 /* Release */,
			);
			defaultConfigurationIsVisible = 0;
			defaultConfigurationName = Release;
		};
		2FB861032807751900A2AA69 /* Build configuration list for PBXNativeTarget "Reddit UAT" */ = {
			isa = XCConfigurationList;
			buildConfigurations = (
				2FB861042807751900A2AA69 /* Debug */,
				2FB861052807751900A2AA69 /* Release */,
			);
			defaultConfigurationIsVisible = 0;
			defaultConfigurationName = Release;
		};
		2FB8611A2807752200A2AA69 /* Build configuration list for PBXNativeTarget "Reddit DEV" */ = {
			isa = XCConfigurationList;
			buildConfigurations = (
				2FB8611B2807752200A2AA69 /* Debug */,
				2FB8611C2807752200A2AA69 /* Release */,
			);
			defaultConfigurationIsVisible = 0;
			defaultConfigurationName = Release;
		};
/* End XCConfigurationList section */

/* Begin XCRemoteSwiftPackageReference section */
		2FB86089280734D600A2AA69 /* XCRemoteSwiftPackageReference "IQKeyboardManager" */ = {
			isa = XCRemoteSwiftPackageReference;
			repositoryURL = "https://github.com/hackiftekhar/IQKeyboardManager.git";
			requirement = {
				branch = master;
				kind = branch;
			};
		};
		2FB8608C280734EA00A2AA69 /* XCRemoteSwiftPackageReference "SDWebImage" */ = {
			isa = XCRemoteSwiftPackageReference;
			repositoryURL = "https://github.com/SDWebImage/SDWebImage.git";
			requirement = {
				branch = master;
				kind = branch;
			};
		};
		2FB860F32807751900A2AA69 /* XCRemoteSwiftPackageReference "IQKeyboardManager" */ = {
			isa = XCRemoteSwiftPackageReference;
			repositoryURL = "https://github.com/hackiftekhar/IQKeyboardManager.git";
			requirement = {
				branch = master;
				kind = branch;
			};
		};
		2FB860F52807751900A2AA69 /* XCRemoteSwiftPackageReference "SDWebImage" */ = {
			isa = XCRemoteSwiftPackageReference;
			repositoryURL = "https://github.com/SDWebImage/SDWebImage.git";
			requirement = {
				branch = master;
				kind = branch;
			};
		};
		2FB8610A2807752200A2AA69 /* XCRemoteSwiftPackageReference "IQKeyboardManager" */ = {
			isa = XCRemoteSwiftPackageReference;
			repositoryURL = "https://github.com/hackiftekhar/IQKeyboardManager.git";
			requirement = {
				branch = master;
				kind = branch;
			};
		};
		2FB8610C2807752200A2AA69 /* XCRemoteSwiftPackageReference "SDWebImage" */ = {
			isa = XCRemoteSwiftPackageReference;
			repositoryURL = "https://github.com/SDWebImage/SDWebImage.git";
			requirement = {
				branch = master;
				kind = branch;
			};
		};
/* End XCRemoteSwiftPackageReference section */

/* Begin XCSwiftPackageProductDependency section */
		2FB8608A280734D600A2AA69 /* IQKeyboardManagerSwift */ = {
			isa = XCSwiftPackageProductDependency;
			package = 2FB86089280734D600A2AA69 /* XCRemoteSwiftPackageReference "IQKeyboardManager" */;
			productName = IQKeyboardManagerSwift;
		};
		2FB8608D280734EA00A2AA69 /* SDWebImage */ = {
			isa = XCSwiftPackageProductDependency;
			package = 2FB8608C280734EA00A2AA69 /* XCRemoteSwiftPackageReference "SDWebImage" */;
			productName = SDWebImage;
		};
		2FB8608F280734EA00A2AA69 /* SDWebImageMapKit */ = {
			isa = XCSwiftPackageProductDependency;
			package = 2FB8608C280734EA00A2AA69 /* XCRemoteSwiftPackageReference "SDWebImage" */;
			productName = SDWebImageMapKit;
		};
		2FB860F22807751900A2AA69 /* IQKeyboardManagerSwift */ = {
			isa = XCSwiftPackageProductDependency;
			package = 2FB860F32807751900A2AA69 /* XCRemoteSwiftPackageReference "IQKeyboardManager" */;
			productName = IQKeyboardManagerSwift;
		};
		2FB860F42807751900A2AA69 /* SDWebImage */ = {
			isa = XCSwiftPackageProductDependency;
			package = 2FB860F52807751900A2AA69 /* XCRemoteSwiftPackageReference "SDWebImage" */;
			productName = SDWebImage;
		};
		2FB860F62807751900A2AA69 /* SDWebImageMapKit */ = {
			isa = XCSwiftPackageProductDependency;
			package = 2FB860F52807751900A2AA69 /* XCRemoteSwiftPackageReference "SDWebImage" */;
			productName = SDWebImageMapKit;
		};
		2FB861092807752200A2AA69 /* IQKeyboardManagerSwift */ = {
			isa = XCSwiftPackageProductDependency;
			package = 2FB8610A2807752200A2AA69 /* XCRemoteSwiftPackageReference "IQKeyboardManager" */;
			productName = IQKeyboardManagerSwift;
		};
		2FB8610B2807752200A2AA69 /* SDWebImage */ = {
			isa = XCSwiftPackageProductDependency;
			package = 2FB8610C2807752200A2AA69 /* XCRemoteSwiftPackageReference "SDWebImage" */;
			productName = SDWebImage;
		};
		2FB8610D2807752200A2AA69 /* SDWebImageMapKit */ = {
			isa = XCSwiftPackageProductDependency;
			package = 2FB8610C2807752200A2AA69 /* XCRemoteSwiftPackageReference "SDWebImage" */;
			productName = SDWebImageMapKit;
		};
/* End XCSwiftPackageProductDependency section */
	};
	rootObject = 2FB8602228071C9A00A2AA69 /* Project object */;
}
