// !$*UTF8*$!
{
	archiveVersion = 1;
	classes = {
	};
	objectVersion = 55;
	objects = {

/* Begin PBXBuildFile section */
		2FB8602E28071C9A00A2AA69 /* AppDelegate.swift in Sources */ = {isa = PBXBuildFile; fileRef = 2FB8602D28071C9A00A2AA69 /* AppDelegate.swift */; };
		2FB8603028071C9A00A2AA69 /* SceneDelegate.swift in Sources */ = {isa = PBXBuildFile; fileRef = 2FB8602F28071C9A00A2AA69 /* SceneDelegate.swift */; };
		2FB8603228071C9A00A2AA69 /* ViewController.swift in Sources */ = {isa = PBXBuildFile; fileRef = 2FB8603128071C9A00A2AA69 /* ViewController.swift */; };
		2FB8603528071C9A00A2AA69 /* Main.storyboard in Resources */ = {isa = PBXBuildFile; fileRef = 2FB8603328071C9A00A2AA69 /* Main.storyboard */; };
		2FB8603728071C9B00A2AA69 /* Assets.xcassets in Resources */ = {isa = PBXBuildFile; fileRef = 2FB8603628071C9B00A2AA69 /* Assets.xcassets */; };
		2FB8603A28071C9B00A2AA69 /* LaunchScreen.storyboard in Resources */ = {isa = PBXBuildFile; fileRef = 2FB8603828071C9B00A2AA69 /* LaunchScreen.storyboard */; };
		2FB8604528071C9B00A2AA69 /* RedditTests.swift in Sources */ = {isa = PBXBuildFile; fileRef = 2FB8604428071C9B00A2AA69 /* RedditTests.swift */; };
		2FB8604F28071C9B00A2AA69 /* RedditUITests.swift in Sources */ = {isa = PBXBuildFile; fileRef = 2FB8604E28071C9B00A2AA69 /* RedditUITests.swift */; };
		2FB8605128071C9B00A2AA69 /* RedditUITestsLaunchTests.swift in Sources */ = {isa = PBXBuildFile; fileRef = 2FB8605028071C9B00A2AA69 /* RedditUITestsLaunchTests.swift */; };
/* End PBXBuildFile section */

/* Begin PBXContainerItemProxy section */
		2FB8604128071C9B00A2AA69 /* PBXContainerItemProxy */ = {
			isa = PBXContainerItemProxy;
			containerPortal = 2FB8602228071C9A00A2AA69 /* Project object */;
			proxyType = 1;
			remoteGlobalIDString = 2FB8602928071C9A00A2AA69;
			remoteInfo = Reddit;
		};
		2FB8604B28071C9B00A2AA69 /* PBXContainerItemProxy */ = {
			isa = PBXContainerItemProxy;
			containerPortal = 2FB8602228071C9A00A2AA69 /* Project object */;
			proxyType = 1;
			remoteGlobalIDString = 2FB8602928071C9A00A2AA69;
			remoteInfo = Reddit;
		};
/* End PBXContainerItemProxy section */

/* Begin PBXFileReference section */
		2FB8602A28071C9A00A2AA69 /* Reddit.app */ = {isa = PBXFileReference; explicitFileType = wrapper.application; includeInIndex = 0; path = Reddit.app; sourceTree = BUILT_PRODUCTS_DIR; };
		2FB8602D28071C9A00A2AA69 /* AppDelegate.swift */ = {isa = PBXFileReference; lastKnownFileType = sourcecode.swift; path = AppDelegate.swift; sourceTree = "<group>"; };
		2FB8602F28071C9A00A2AA69 /* SceneDelegate.swift */ = {isa = PBXFileReference; lastKnownFileType = sourcecode.swift; path = SceneDelegate.swift; sourceTree = "<group>"; };
		2FB8603128071C9A00A2AA69 /* ViewController.swift */ = {isa = PBXFileReference; lastKnownFileType = sourcecode.swift; path = ViewController.swift; sourceTree = "<group>"; };
		2FB8603428071C9A00A2AA69 /* Base */ = {isa = PBXFileReference; lastKnownFileType = file.storyboard; name = Base; path = Base.lproj/Main.storyboard; sourceTree = "<group>"; };
		2FB8603628071C9B00A2AA69 /* Assets.xcassets */ = {isa = PBXFileReference; lastKnownFileType = folder.assetcatalog; path = Assets.xcassets; sourceTree = "<group>"; };
		2FB8603928071C9B00A2AA69 /* Base */ = {isa = PBXFileReference; lastKnownFileType = file.storyboard; name = Base; path = Base.lproj/LaunchScreen.storyboard; sourceTree = "<group>"; };
		2FB8603B28071C9B00A2AA69 /* Info.plist */ = {isa = PBXFileReference; lastKnownFileType = text.plist.xml; path = Info.plist; sourceTree = "<group>"; };
		2FB8604028071C9B00A2AA69 /* RedditTests.xctest */ = {isa = PBXFileReference; explicitFileType = wrapper.cfbundle; includeInIndex = 0; path = RedditTests.xctest; sourceTree = BUILT_PRODUCTS_DIR; };
		2FB8604428071C9B00A2AA69 /* RedditTests.swift */ = {isa = PBXFileReference; lastKnownFileType = sourcecode.swift; path = RedditTests.swift; sourceTree = "<group>"; };
		2FB8604A28071C9B00A2AA69 /* RedditUITests.xctest */ = {isa = PBXFileReference; explicitFileType = wrapper.cfbundle; includeInIndex = 0; path = RedditUITests.xctest; sourceTree = BUILT_PRODUCTS_DIR; };
		2FB8604E28071C9B00A2AA69 /* RedditUITests.swift */ = {isa = PBXFileReference; lastKnownFileType = sourcecode.swift; path = RedditUITests.swift; sourceTree = "<group>"; };
		2FB8605028071C9B00A2AA69 /* RedditUITestsLaunchTests.swift */ = {isa = PBXFileReference; lastKnownFileType = sourcecode.swift; path = RedditUITestsLaunchTests.swift; sourceTree = "<group>"; };
/* End PBXFileReference section */

/* Begin PBXFrameworksBuildPhase section */
		2FB8602728071C9A00A2AA69 /* Frameworks */ = {
			isa = PBXFrameworksBuildPhase;
			buildActionMask = 2147483647;
			files = (
			);
			runOnlyForDeploymentPostprocessing = 0;
		};
		2FB8603D28071C9B00A2AA69 /* Frameworks */ = {
			isa = PBXFrameworksBuildPhase;
			buildActionMask = 2147483647;
			files = (
			);
			runOnlyForDeploymentPostprocessing = 0;
		};
		2FB8604728071C9B00A2AA69 /* Frameworks */ = {
			isa = PBXFrameworksBuildPhase;
			buildActionMask = 2147483647;
			files = (
			);
			runOnlyForDeploymentPostprocessing = 0;
		};
/* End PBXFrameworksBuildPhase section */

/* Begin PBXGroup section */
		2FB8602128071C9A00A2AA69 = {
			isa = PBXGroup;
			children = (
				2FB8602C28071C9A00A2AA69 /* Reddit */,
				2FB8604328071C9B00A2AA69 /* RedditTests */,
				2FB8604D28071C9B00A2AA69 /* RedditUITests */,
				2FB8602B28071C9A00A2AA69 /* Products */,
			);
			sourceTree = "<group>";
		};
		2FB8602B28071C9A00A2AA69 /* Products */ = {
			isa = PBXGroup;
			children = (
				2FB8602A28071C9A00A2AA69 /* Reddit.app */,
				2FB8604028071C9B00A2AA69 /* RedditTests.xctest */,
				2FB8604A28071C9B00A2AA69 /* RedditUITests.xctest */,
			);
			name = Products;
			sourceTree = "<group>";
		};
		2FB8602C28071C9A00A2AA69 /* Reddit */ = {
			isa = PBXGroup;
			children = (
				2FB8602D28071C9A00A2AA69 /* AppDelegate.swift */,
				2FB8602F28071C9A00A2AA69 /* SceneDelegate.swift */,
				2FB8603128071C9A00A2AA69 /* ViewController.swift */,
				2FB8603328071C9A00A2AA69 /* Main.storyboard */,
				2FB8603628071C9B00A2AA69 /* Assets.xcassets */,
				2FB8603828071C9B00A2AA69 /* LaunchScreen.storyboard */,
				2FB8603B28071C9B00A2AA69 /* Info.plist */,
			);
			path = Reddit;
			sourceTree = "<group>";
		};
		2FB8604328071C9B00A2AA69 /* RedditTests */ = {
			isa = PBXGroup;
			children = (
				2FB8604428071C9B00A2AA69 /* RedditTests.swift */,
			);
			path = RedditTests;
			sourceTree = "<group>";
		};
		2FB8604D28071C9B00A2AA69 /* RedditUITests */ = {
			isa = PBXGroup;
			children = (
				2FB8604E28071C9B00A2AA69 /* RedditUITests.swift */,
				2FB8605028071C9B00A2AA69 /* RedditUITestsLaunchTests.swift */,
			);
			path = RedditUITests;
			sourceTree = "<group>";
		};
/* End PBXGroup section */

/* Begin PBXNativeTarget section */
		2FB8602928071C9A00A2AA69 /* Reddit */ = {
			isa = PBXNativeTarget;
			buildConfigurationList = 2FB8605428071C9B00A2AA69 /* Build configuration list for PBXNativeTarget "Reddit" */;
			buildPhases = (
				2FB8602628071C9A00A2AA69 /* Sources */,
				2FB8602728071C9A00A2AA69 /* Frameworks */,
				2FB8602828071C9A00A2AA69 /* Resources */,
			);
			buildRules = (
			);
			dependencies = (
			);
			name = Reddit;
			productName = Reddit;
			productReference = 2FB8602A28071C9A00A2AA69 /* Reddit.app */;
			productType = "com.apple.product-type.application";
		};
		2FB8603F28071C9B00A2AA69 /* RedditTests */ = {
			isa = PBXNativeTarget;
			buildConfigurationList = 2FB8605728071C9B00A2AA69 /* Build configuration list for PBXNativeTarget "RedditTests" */;
			buildPhases = (
				2FB8603C28071C9B00A2AA69 /* Sources */,
				2FB8603D28071C9B00A2AA69 /* Frameworks */,
				2FB8603E28071C9B00A2AA69 /* Resources */,
			);
			buildRules = (
			);
			dependencies = (
				2FB8604228071C9B00A2AA69 /* PBXTargetDependency */,
			);
			name = RedditTests;
			productName = RedditTests;
			productReference = 2FB8604028071C9B00A2AA69 /* RedditTests.xctest */;
			productType = "com.apple.product-type.bundle.unit-test";
		};
		2FB8604928071C9B00A2AA69 /* RedditUITests */ = {
			isa = PBXNativeTarget;
			buildConfigurationList = 2FB8605A28071C9B00A2AA69 /* Build configuration list for PBXNativeTarget "RedditUITests" */;
			buildPhases = (
				2FB8604628071C9B00A2AA69 /* Sources */,
				2FB8604728071C9B00A2AA69 /* Frameworks */,
				2FB8604828071C9B00A2AA69 /* Resources */,
			);
			buildRules = (
			);
			dependencies = (
				2FB8604C28071C9B00A2AA69 /* PBXTargetDependency */,
			);
			name = RedditUITests;
			productName = RedditUITests;
			productReference = 2FB8604A28071C9B00A2AA69 /* RedditUITests.xctest */;
			productType = "com.apple.product-type.bundle.ui-testing";
		};
/* End PBXNativeTarget section */

/* Begin PBXProject section */
		2FB8602228071C9A00A2AA69 /* Project object */ = {
			isa = PBXProject;
			attributes = {
				BuildIndependentTargetsInParallel = 1;
				LastSwiftUpdateCheck = 1330;
				LastUpgradeCheck = 1330;
				TargetAttributes = {
					2FB8602928071C9A00A2AA69 = {
						CreatedOnToolsVersion = 13.3.1;
					};
					2FB8603F28071C9B00A2AA69 = {
						CreatedOnToolsVersion = 13.3.1;
						TestTargetID = 2FB8602928071C9A00A2AA69;
					};
					2FB8604928071C9B00A2AA69 = {
						CreatedOnToolsVersion = 13.3.1;
						TestTargetID = 2FB8602928071C9A00A2AA69;
					};
				};
			};
			buildConfigurationList = 2FB8602528071C9A00A2AA69 /* Build configuration list for PBXProject "Reddit" */;
			compatibilityVersion = "Xcode 13.0";
			developmentRegion = en;
			hasScannedForEncodings = 0;
			knownRegions = (
				en,
				Base,
			);
			mainGroup = 2FB8602128071C9A00A2AA69;
			productRefGroup = 2FB8602B28071C9A00A2AA69 /* Products */;
			projectDirPath = "";
			projectRoot = "";
			targets = (
				2FB8602928071C9A00A2AA69 /* Reddit */,
				2FB8603F28071C9B00A2AA69 /* RedditTests */,
				2FB8604928071C9B00A2AA69 /* RedditUITests */,
			);
		};
/* End PBXProject section */

/* Begin PBXResourcesBuildPhase section */
		2FB8602828071C9A00A2AA69 /* Resources */ = {
			isa = PBXResourcesBuildPhase;
			buildActionMask = 2147483647;
			files = (
				2FB8603A28071C9B00A2AA69 /* LaunchScreen.storyboard in Resources */,
				2FB8603728071C9B00A2AA69 /* Assets.xcassets in Resources */,
				2FB8603528071C9A00A2AA69 /* Main.storyboard in Resources */,
			);
			runOnlyForDeploymentPostprocessing = 0;
		};
		2FB8603E28071C9B00A2AA69 /* Resources */ = {
			isa = PBXResourcesBuildPhase;
			buildActionMask = 2147483647;
			files = (
			);
			runOnlyForDeploymentPostprocessing = 0;
		};
		2FB8604828071C9B00A2AA69 /* Resources */ = {
			isa = PBXResourcesBuildPhase;
			buildActionMask = 2147483647;
			files = (
			);
			runOnlyForDeploymentPostprocessing = 0;
		};
/* End PBXResourcesBuildPhase section */

/* Begin PBXSourcesBuildPhase section */
		2FB8602628071C9A00A2AA69 /* Sources */ = {
			isa = PBXSourcesBuildPhase;
			buildActionMask = 2147483647;
			files = (
				2FB8603228071C9A00A2AA69 /* ViewController.swift in Sources */,
				2FB8602E28071C9A00A2AA69 /* AppDelegate.swift in Sources */,
				2FB8603028071C9A00A2AA69 /* SceneDelegate.swift in Sources */,
			);
			runOnlyForDeploymentPostprocessing = 0;
		};
		2FB8603C28071C9B00A2AA69 /* Sources */ = {
			isa = PBXSourcesBuildPhase;
			buildActionMask = 2147483647;
			files = (
				2FB8604528071C9B00A2AA69 /* RedditTests.swift in Sources */,
			);
			runOnlyForDeploymentPostprocessing = 0;
		};
		2FB8604628071C9B00A2AA69 /* Sources */ = {
			isa = PBXSourcesBuildPhase;
			buildActionMask = 2147483647;
			files = (
				2FB8605128071C9B00A2AA69 /* RedditUITestsLaunchTests.swift in Sources */,
				2FB8604F28071C9B00A2AA69 /* RedditUITests.swift in Sources */,
			);
			runOnlyForDeploymentPostprocessing = 0;
		};
/* End PBXSourcesBuildPhase section */

/* Begin PBXTargetDependency section */
		2FB8604228071C9B00A2AA69 /* PBXTargetDependency */ = {
			isa = PBXTargetDependency;
			target = 2FB8602928071C9A00A2AA69 /* Reddit */;
			targetProxy = 2FB8604128071C9B00A2AA69 /* PBXContainerItemProxy */;
		};
		2FB8604C28071C9B00A2AA69 /* PBXTargetDependency */ = {
			isa = PBXTargetDependency;
			target = 2FB8602928071C9A00A2AA69 /* Reddit */;
			targetProxy = 2FB8604B28071C9B00A2AA69 /* PBXContainerItemProxy */;
		};
/* End PBXTargetDependency section */

/* Begin PBXVariantGroup section */
		2FB8603328071C9A00A2AA69 /* Main.storyboard */ = {
			isa = PBXVariantGroup;
			children = (
				2FB8603428071C9A00A2AA69 /* Base */,
			);
			name = Main.storyboard;
			sourceTree = "<group>";
		};
		2FB8603828071C9B00A2AA69 /* LaunchScreen.storyboard */ = {
			isa = PBXVariantGroup;
			children = (
				2FB8603928071C9B00A2AA69 /* Base */,
			);
			name = LaunchScreen.storyboard;
			sourceTree = "<group>";
		};
/* End PBXVariantGroup section */

/* Begin XCBuildConfiguration section */
		2FB8605228071C9B00A2AA69 /* Debug */ = {
			isa = XCBuildConfiguration;
			buildSettings = {
				ALWAYS_SEARCH_USER_PATHS = NO;
				CLANG_ANALYZER_NONNULL = YES;
				CLANG_ANALYZER_NUMBER_OBJECT_CONVERSION = YES_AGGRESSIVE;
				CLANG_CXX_LANGUAGE_STANDARD = "gnu++17";
				CLANG_ENABLE_MODULES = YES;
				CLANG_ENABLE_OBJC_ARC = YES;
				CLANG_ENABLE_OBJC_WEAK = YES;
				CLANG_WARN_BLOCK_CAPTURE_AUTORELEASING = YES;
				CLANG_WARN_BOOL_CONVERSION = YES;
				CLANG_WARN_COMMA = YES;
				CLANG_WARN_CONSTANT_CONVERSION = YES;
				CLANG_WARN_DEPRECATED_OBJC_IMPLEMENTATIONS = YES;
				CLANG_WARN_DIRECT_OBJC_ISA_USAGE = YES_ERROR;
				CLANG_WARN_DOCUMENTATION_COMMENTS = YES;
				CLANG_WARN_EMPTY_BODY = YES;
				CLANG_WARN_ENUM_CONVERSION = YES;
				CLANG_WARN_INFINITE_RECURSION = YES;
				CLANG_WARN_INT_CONVERSION = YES;
				CLANG_WARN_NON_LITERAL_NULL_CONVERSION = YES;
				CLANG_WARN_OBJC_IMPLICIT_RETAIN_SELF = YES;
				CLANG_WARN_OBJC_LITERAL_CONVERSION = YES;
				CLANG_WARN_OBJC_ROOT_CLASS = YES_ERROR;
				CLANG_WARN_QUOTED_INCLUDE_IN_FRAMEWORK_HEADER = YES;
				CLANG_WARN_RANGE_LOOP_ANALYSIS = YES;
				CLANG_WARN_STRICT_PROTOTYPES = YES;
				CLANG_WARN_SUSPICIOUS_MOVE = YES;
				CLANG_WARN_UNGUARDED_AVAILABILITY = YES_AGGRESSIVE;
				CLANG_WARN_UNREACHABLE_CODE = YES;
				CLANG_WARN__DUPLICATE_METHOD_MATCH = YES;
				COPY_PHASE_STRIP = NO;
				DEBUG_INFORMATION_FORMAT = dwarf;
				ENABLE_STRICT_OBJC_MSGSEND = YES;
				ENABLE_TESTABILITY = YES;
				GCC_C_LANGUAGE_STANDARD = gnu11;
				GCC_DYNAMIC_NO_PIC = NO;
				GCC_NO_COMMON_BLOCKS = YES;
				GCC_OPTIMIZATION_LEVEL = 0;
				GCC_PREPROCESSOR_DEFINITIONS = (
					"DEBUG=1",
					"$(inherited)",
				);
				GCC_WARN_64_TO_32_BIT_CONVERSION = YES;
				GCC_WARN_ABOUT_RETURN_TYPE = YES_ERROR;
				GCC_WARN_UNDECLARED_SELECTOR = YES;
				GCC_WARN_UNINITIALIZED_AUTOS = YES_AGGRESSIVE;
				GCC_WARN_UNUSED_FUNCTION = YES;
				GCC_WARN_UNUSED_VARIABLE = YES;
				IPHONEOS_DEPLOYMENT_TARGET = 15.4;
				MTL_ENABLE_DEBUG_INFO = INCLUDE_SOURCE;
				MTL_FAST_MATH = YES;
				ONLY_ACTIVE_ARCH = YES;
				SDKROOT = iphoneos;
				SWIFT_ACTIVE_COMPILATION_CONDITIONS = DEBUG;
				SWIFT_OPTIMIZATION_LEVEL = "-Onone";
			};
			name = Debug;
		};
		2FB8605328071C9B00A2AA69 /* Release */ = {
			isa = XCBuildConfiguration;
			buildSettings = {
				ALWAYS_SEARCH_USER_PATHS = NO;
				CLANG_ANALYZER_NONNULL = YES;
				CLANG_ANALYZER_NUMBER_OBJECT_CONVERSION = YES_AGGRESSIVE;
				CLANG_CXX_LANGUAGE_STANDARD = "gnu++17";
				CLANG_ENABLE_MODULES = YES;
				CLANG_ENABLE_OBJC_ARC = YES;
				CLANG_ENABLE_OBJC_WEAK = YES;
				CLANG_WARN_BLOCK_CAPTURE_AUTORELEASING = YES;
				CLANG_WARN_BOOL_CONVERSION = YES;
				CLANG_WARN_COMMA = YES;
				CLANG_WARN_CONSTANT_CONVERSION = YES;
				CLANG_WARN_DEPRECATED_OBJC_IMPLEMENTATIONS = YES;
				CLANG_WARN_DIRECT_OBJC_ISA_USAGE = YES_ERROR;
				CLANG_WARN_DOCUMENTATION_COMMENTS = YES;
				CLANG_WARN_EMPTY_BODY = YES;
				CLANG_WARN_ENUM_CONVERSION = YES;
				CLANG_WARN_INFINITE_RECURSION = YES;
				CLANG_WARN_INT_CONVERSION = YES;
				CLANG_WARN_NON_LITERAL_NULL_CONVERSION = YES;
				CLANG_WARN_OBJC_IMPLICIT_RETAIN_SELF = YES;
				CLANG_WARN_OBJC_LITERAL_CONVERSION = YES;
				CLANG_WARN_OBJC_ROOT_CLASS = YES_ERROR;
				CLANG_WARN_QUOTED_INCLUDE_IN_FRAMEWORK_HEADER = YES;
				CLANG_WARN_RANGE_LOOP_ANALYSIS = YES;
				CLANG_WARN_STRICT_PROTOTYPES = YES;
				CLANG_WARN_SUSPICIOUS_MOVE = YES;
				CLANG_WARN_UNGUARDED_AVAILABILITY = YES_AGGRESSIVE;
				CLANG_WARN_UNREACHABLE_CODE = YES;
				CLANG_WARN__DUPLICATE_METHOD_MATCH = YES;
				COPY_PHASE_STRIP = NO;
				DEBUG_INFORMATION_FORMAT = "dwarf-with-dsym";
				ENABLE_NS_ASSERTIONS = NO;
				ENABLE_STRICT_OBJC_MSGSEND = YES;
				GCC_C_LANGUAGE_STANDARD = gnu11;
				GCC_NO_COMMON_BLOCKS = YES;
				GCC_WARN_64_TO_32_BIT_CONVERSION = YES;
				GCC_WARN_ABOUT_RETURN_TYPE = YES_ERROR;
				GCC_WARN_UNDECLARED_SELECTOR = YES;
				GCC_WARN_UNINITIALIZED_AUTOS = YES_AGGRESSIVE;
				GCC_WARN_UNUSED_FUNCTION = YES;
				GCC_WARN_UNUSED_VARIABLE = YES;
				IPHONEOS_DEPLOYMENT_TARGET = 15.4;
				MTL_ENABLE_DEBUG_INFO = NO;
				MTL_FAST_MATH = YES;
				SDKROOT = iphoneos;
				SWIFT_COMPILATION_MODE = wholemodule;
				SWIFT_OPTIMIZATION_LEVEL = "-O";
				VALIDATE_PRODUCT = YES;
			};
			name = Release;
		};
		2FB8605528071C9B00A2AA69 /* Debug */ = {
			isa = XCBuildConfiguration;
			buildSettings = {
				ASSETCATALOG_COMPILER_APPICON_NAME = AppIcon;
				ASSETCATALOG_COMPILER_GLOBAL_ACCENT_COLOR_NAME = AccentColor;
				CODE_SIGN_STYLE = Automatic;
				CURRENT_PROJECT_VERSION = 1;
				DEVELOPMENT_TEAM = 22P58SR4VW;
				GENERATE_INFOPLIST_FILE = YES;
				INFOPLIST_FILE = Reddit/Info.plist;
				INFOPLIST_KEY_UIApplicationSupportsIndirectInputEvents = YES;
				INFOPLIST_KEY_UILaunchStoryboardName = LaunchScreen;
				INFOPLIST_KEY_UIMainStoryboardFile = Main;
				INFOPLIST_KEY_UISupportedInterfaceOrientations_iPad = "UIInterfaceOrientationPortrait UIInterfaceOrientationPortraitUpsideDown UIInterfaceOrientationLandscapeLeft UIInterfaceOrientationLandscapeRight";
				INFOPLIST_KEY_UISupportedInterfaceOrientations_iPhone = "UIInterfaceOrientationPortrait UIInterfaceOrientationLandscapeLeft UIInterfaceOrientationLandscapeRight";
				LD_RUNPATH_SEARCH_PATHS = (
					"$(inherited)",
					"@executable_path/Frameworks",
				);
				MARKETING_VERSION = 1.0;
				PRODUCT_BUNDLE_IDENTIFIER = com.mvelasquezherrera.Reddit;
				PRODUCT_NAME = "$(TARGET_NAME)";
				SWIFT_EMIT_LOC_STRINGS = YES;
				SWIFT_VERSION = 5.0;
				TARGETED_DEVICE_FAMILY = "1,2";
			};
			name = Debug;
		};
		2FB8605628071C9B00A2AA69 /* Release */ = {
			isa = XCBuildConfiguration;
			buildSettings = {
				ASSETCATALOG_COMPILER_APPICON_NAME = AppIcon;
				ASSETCATALOG_COMPILER_GLOBAL_ACCENT_COLOR_NAME = AccentColor;
				CODE_SIGN_STYLE = Automatic;
				CURRENT_PROJECT_VERSION = 1;
				DEVELOPMENT_TEAM = 22P58SR4VW;
				GENERATE_INFOPLIST_FILE = YES;
				INFOPLIST_FILE = Reddit/Info.plist;
				INFOPLIST_KEY_UIApplicationSupportsIndirectInputEvents = YES;
				INFOPLIST_KEY_UILaunchStoryboardName = LaunchScreen;
				INFOPLIST_KEY_UIMainStoryboardFile = Main;
				INFOPLIST_KEY_UISupportedInterfaceOrientations_iPad = "UIInterfaceOrientationPortrait UIInterfaceOrientationPortraitUpsideDown UIInterfaceOrientationLandscapeLeft UIInterfaceOrientationLandscapeRight";
				INFOPLIST_KEY_UISupportedInterfaceOrientations_iPhone = "UIInterfaceOrientationPortrait UIInterfaceOrientationLandscapeLeft UIInterfaceOrientationLandscapeRight";
				LD_RUNPATH_SEARCH_PATHS = (
					"$(inherited)",
					"@executable_path/Frameworks",
				);
				MARKETING_VERSION = 1.0;
				PRODUCT_BUNDLE_IDENTIFIER = com.mvelasquezherrera.Reddit;
				PRODUCT_NAME = "$(TARGET_NAME)";
				SWIFT_EMIT_LOC_STRINGS = YES;
				SWIFT_VERSION = 5.0;
				TARGETED_DEVICE_FAMILY = "1,2";
			};
			name = Release;
		};
		2FB8605828071C9B00A2AA69 /* Debug */ = {
			isa = XCBuildConfiguration;
			buildSettings = {
				ALWAYS_EMBED_SWIFT_STANDARD_LIBRARIES = YES;
				BUNDLE_LOADER = "$(TEST_HOST)";
				CODE_SIGN_STYLE = Automatic;
				CURRENT_PROJECT_VERSION = 1;
				DEVELOPMENT_TEAM = 22P58SR4VW;
				GENERATE_INFOPLIST_FILE = YES;
				IPHONEOS_DEPLOYMENT_TARGET = 15.4;
				MARKETING_VERSION = 1.0;
				PRODUCT_BUNDLE_IDENTIFIER = com.mvelasquezherrera.RedditTests;
				PRODUCT_NAME = "$(TARGET_NAME)";
				SWIFT_EMIT_LOC_STRINGS = NO;
				SWIFT_VERSION = 5.0;
				TARGETED_DEVICE_FAMILY = "1,2";
				TEST_HOST = "$(BUILT_PRODUCTS_DIR)/Reddit.app/Reddit";
			};
			name = Debug;
		};
		2FB8605928071C9B00A2AA69 /* Release */ = {
			isa = XCBuildConfiguration;
			buildSettings = {
				ALWAYS_EMBED_SWIFT_STANDARD_LIBRARIES = YES;
				BUNDLE_LOADER = "$(TEST_HOST)";
				CODE_SIGN_STYLE = Automatic;
				CURRENT_PROJECT_VERSION = 1;
				DEVELOPMENT_TEAM = 22P58SR4VW;
				GENERATE_INFOPLIST_FILE = YES;
				IPHONEOS_DEPLOYMENT_TARGET = 15.4;
				MARKETING_VERSION = 1.0;
				PRODUCT_BUNDLE_IDENTIFIER = com.mvelasquezherrera.RedditTests;
				PRODUCT_NAME = "$(TARGET_NAME)";
				SWIFT_EMIT_LOC_STRINGS = NO;
				SWIFT_VERSION = 5.0;
				TARGETED_DEVICE_FAMILY = "1,2";
				TEST_HOST = "$(BUILT_PRODUCTS_DIR)/Reddit.app/Reddit";
			};
			name = Release;
		};
		2FB8605B28071C9B00A2AA69 /* Debug */ = {
			isa = XCBuildConfiguration;
			buildSettings = {
				ALWAYS_EMBED_SWIFT_STANDARD_LIBRARIES = YES;
				CODE_SIGN_STYLE = Automatic;
				CURRENT_PROJECT_VERSION = 1;
				DEVELOPMENT_TEAM = 22P58SR4VW;
				GENERATE_INFOPLIST_FILE = YES;
				MARKETING_VERSION = 1.0;
				PRODUCT_BUNDLE_IDENTIFIER = com.mvelasquezherrera.RedditUITests;
				PRODUCT_NAME = "$(TARGET_NAME)";
				SWIFT_EMIT_LOC_STRINGS = NO;
				SWIFT_VERSION = 5.0;
				TARGETED_DEVICE_FAMILY = "1,2";
				TEST_TARGET_NAME = Reddit;
			};
			name = Debug;
		};
		2FB8605C28071C9B00A2AA69 /* Release */ = {
			isa = XCBuildConfiguration;
			buildSettings = {
				ALWAYS_EMBED_SWIFT_STANDARD_LIBRARIES = YES;
				CODE_SIGN_STYLE = Automatic;
				CURRENT_PROJECT_VERSION = 1;
				DEVELOPMENT_TEAM = 22P58SR4VW;
				GENERATE_INFOPLIST_FILE = YES;
				MARKETING_VERSION = 1.0;
				PRODUCT_BUNDLE_IDENTIFIER = com.mvelasquezherrera.RedditUITests;
				PRODUCT_NAME = "$(TARGET_NAME)";
				SWIFT_EMIT_LOC_STRINGS = NO;
				SWIFT_VERSION = 5.0;
				TARGETED_DEVICE_FAMILY = "1,2";
				TEST_TARGET_NAME = Reddit;
			};
			name = Release;
		};
/* End XCBuildConfiguration section */

/* Begin XCConfigurationList section */
		2FB8602528071C9A00A2AA69 /* Build configuration list for PBXProject "Reddit" */ = {
			isa = XCConfigurationList;
			buildConfigurations = (
				2FB8605228071C9B00A2AA69 /* Debug */,
				2FB8605328071C9B00A2AA69 /* Release */,
			);
			defaultConfigurationIsVisible = 0;
			defaultConfigurationName = Release;
		};
		2FB8605428071C9B00A2AA69 /* Build configuration list for PBXNativeTarget "Reddit" */ = {
			isa = XCConfigurationList;
			buildConfigurations = (
				2FB8605528071C9B00A2AA69 /* Debug */,
				2FB8605628071C9B00A2AA69 /* Release */,
			);
			defaultConfigurationIsVisible = 0;
			defaultConfigurationName = Release;
		};
		2FB8605728071C9B00A2AA69 /* Build configuration list for PBXNativeTarget "RedditTests" */ = {
			isa = XCConfigurationList;
			buildConfigurations = (
				2FB8605828071C9B00A2AA69 /* Debug */,
				2FB8605928071C9B00A2AA69 /* Release */,
			);
			defaultConfigurationIsVisible = 0;
			defaultConfigurationName = Release;
		};
		2FB8605A28071C9B00A2AA69 /* Build configuration list for PBXNativeTarget "RedditUITests" */ = {
			isa = XCConfigurationList;
			buildConfigurations = (
				2FB8605B28071C9B00A2AA69 /* Debug */,
				2FB8605C28071C9B00A2AA69 /* Release */,
			);
			defaultConfigurationIsVisible = 0;
			defaultConfigurationName = Release;
		};
/* End XCConfigurationList section */
	};
	rootObject = 2FB8602228071C9A00A2AA69 /* Project object */;
}
