// !$*UTF8*$!
{
	archiveVersion = 1;
	classes = {
	};
	objectVersion = 55;
	objects = {

/* Begin PBXBuildFile section */
		2F1AF75F2807EC8C00E0F64C /* PostModel.swift in Sources */ = {isa = PBXBuildFile; fileRef = 2F1AF75E2807EC8C00E0F64C /* PostModel.swift */; };
		2F1AF7662807F11A00E0F64C /* PostInteractor.swift in Sources */ = {isa = PBXBuildFile; fileRef = 2F1AF7652807F11A00E0F64C /* PostInteractor.swift */; };
		2F87478E280CCE780046617B /* PermissionModel.swift in Sources */ = {isa = PBXBuildFile; fileRef = 2F87478D280CCE780046617B /* PermissionModel.swift */; };
		2F874791280CD33F0046617B /* ConfigurationPermissionInteractor.swift in Sources */ = {isa = PBXBuildFile; fileRef = 2F874790280CD33F0046617B /* ConfigurationPermissionInteractor.swift */; };
		2FB8606C2807333400A2AA69 /* Domain.docc in Sources */ = {isa = PBXBuildFile; fileRef = 2FB8606B2807333400A2AA69 /* Domain.docc */; };
		2FB8606D2807333400A2AA69 /* Domain.h in Headers */ = {isa = PBXBuildFile; fileRef = 2FB8606A2807333400A2AA69 /* Domain.h */; settings = {ATTRIBUTES = (Public, ); }; };
		2FB860E12807401800A2AA69 /* StorageRepositoryProtocol.swift in Sources */ = {isa = PBXBuildFile; fileRef = 2FB860E02807401800A2AA69 /* StorageRepositoryProtocol.swift */; };
		2FB860E32807403B00A2AA69 /* UserRepositoryProtocol.swift in Sources */ = {isa = PBXBuildFile; fileRef = 2FB860E22807403B00A2AA69 /* UserRepositoryProtocol.swift */; };
		2FB860E5280745B700A2AA69 /* User.swift in Sources */ = {isa = PBXBuildFile; fileRef = 2FB860E4280745B700A2AA69 /* User.swift */; };
		2FB860E7280745EA00A2AA69 /* ErrorReponse.swift in Sources */ = {isa = PBXBuildFile; fileRef = 2FB860E6280745EA00A2AA69 /* ErrorReponse.swift */; };
		2FB860E9280745FF00A2AA69 /* ResponseType.swift in Sources */ = {isa = PBXBuildFile; fileRef = 2FB860E8280745FF00A2AA69 /* ResponseType.swift */; };
		2FB860EB2807464200A2AA69 /* Interactor.swift in Sources */ = {isa = PBXBuildFile; fileRef = 2FB860EA2807464200A2AA69 /* Interactor.swift */; };
		2FB860EF2807466000A2AA69 /* AppSettingsInteractor.swift in Sources */ = {isa = PBXBuildFile; fileRef = 2FB860EE2807466000A2AA69 /* AppSettingsInteractor.swift */; };
/* End PBXBuildFile section */

/* Begin PBXFileReference section */
		2F1AF75E2807EC8C00E0F64C /* PostModel.swift */ = {isa = PBXFileReference; lastKnownFileType = sourcecode.swift; path = PostModel.swift; sourceTree = "<group>"; };
		2F1AF7652807F11A00E0F64C /* PostInteractor.swift */ = {isa = PBXFileReference; lastKnownFileType = sourcecode.swift; path = PostInteractor.swift; sourceTree = "<group>"; };
		2F87478D280CCE780046617B /* PermissionModel.swift */ = {isa = PBXFileReference; lastKnownFileType = sourcecode.swift; path = PermissionModel.swift; sourceTree = "<group>"; };
		2F874790280CD33F0046617B /* ConfigurationPermissionInteractor.swift */ = {isa = PBXFileReference; lastKnownFileType = sourcecode.swift; path = ConfigurationPermissionInteractor.swift; sourceTree = "<group>"; };
		2FB860672807333400A2AA69 /* Domain.framework */ = {isa = PBXFileReference; explicitFileType = wrapper.framework; includeInIndex = 0; path = Domain.framework; sourceTree = BUILT_PRODUCTS_DIR; };
		2FB8606A2807333400A2AA69 /* Domain.h */ = {isa = PBXFileReference; lastKnownFileType = sourcecode.c.h; path = Domain.h; sourceTree = "<group>"; };
		2FB8606B2807333400A2AA69 /* Domain.docc */ = {isa = PBXFileReference; lastKnownFileType = folder.documentationcatalog; path = Domain.docc; sourceTree = "<group>"; };
		2FB860E02807401800A2AA69 /* StorageRepositoryProtocol.swift */ = {isa = PBXFileReference; lastKnownFileType = sourcecode.swift; path = StorageRepositoryProtocol.swift; sourceTree = "<group>"; };
		2FB860E22807403B00A2AA69 /* UserRepositoryProtocol.swift */ = {isa = PBXFileReference; lastKnownFileType = sourcecode.swift; path = UserRepositoryProtocol.swift; sourceTree = "<group>"; };
		2FB860E4280745B700A2AA69 /* User.swift */ = {isa = PBXFileReference; lastKnownFileType = sourcecode.swift; path = User.swift; sourceTree = "<group>"; };
		2FB860E6280745EA00A2AA69 /* ErrorReponse.swift */ = {isa = PBXFileReference; lastKnownFileType = sourcecode.swift; path = ErrorReponse.swift; sourceTree = "<group>"; };
		2FB860E8280745FF00A2AA69 /* ResponseType.swift */ = {isa = PBXFileReference; lastKnownFileType = sourcecode.swift; path = ResponseType.swift; sourceTree = "<group>"; };
		2FB860EA2807464200A2AA69 /* Interactor.swift */ = {isa = PBXFileReference; lastKnownFileType = sourcecode.swift; path = Interactor.swift; sourceTree = "<group>"; };
		2FB860EE2807466000A2AA69 /* AppSettingsInteractor.swift */ = {isa = PBXFileReference; lastKnownFileType = sourcecode.swift; path = AppSettingsInteractor.swift; sourceTree = "<group>"; };
/* End PBXFileReference section */

/* Begin PBXFrameworksBuildPhase section */
		2FB860642807333400A2AA69 /* Frameworks */ = {
			isa = PBXFrameworksBuildPhase;
			buildActionMask = 2147483647;
			files = (
			);
			runOnlyForDeploymentPostprocessing = 0;
		};
/* End PBXFrameworksBuildPhase section */

/* Begin PBXGroup section */
		2F1AF7642807F10F00E0F64C /* Post */ = {
			isa = PBXGroup;
			children = (
				2F1AF7652807F11A00E0F64C /* PostInteractor.swift */,
			);
			path = Post;
			sourceTree = "<group>";
		};
		2F87478F280CD32F0046617B /* ConfigurationPermission */ = {
			isa = PBXGroup;
			children = (
				2F874790280CD33F0046617B /* ConfigurationPermissionInteractor.swift */,
			);
			path = ConfigurationPermission;
			sourceTree = "<group>";
		};
		2FB8605D2807333400A2AA69 = {
			isa = PBXGroup;
			children = (
				2FB860692807333400A2AA69 /* Domain */,
				2FB860682807333400A2AA69 /* Products */,
			);
			sourceTree = "<group>";
		};
		2FB860682807333400A2AA69 /* Products */ = {
			isa = PBXGroup;
			children = (
				2FB860672807333400A2AA69 /* Domain.framework */,
			);
			name = Products;
			sourceTree = "<group>";
		};
		2FB860692807333400A2AA69 /* Domain */ = {
			isa = PBXGroup;
			children = (
				2FB860DF28073FB600A2AA69 /* Repository */,
				2FB860DE28073FB100A2AA69 /* Interactor */,
				2FB860DD28073FAC00A2AA69 /* Model */,
				2FB8606A2807333400A2AA69 /* Domain.h */,
				2FB8606B2807333400A2AA69 /* Domain.docc */,
			);
			path = Domain;
			sourceTree = "<group>";
		};
		2FB860DD28073FAC00A2AA69 /* Model */ = {
			isa = PBXGroup;
			children = (
				2FB860E4280745B700A2AA69 /* User.swift */,
				2FB860E6280745EA00A2AA69 /* ErrorReponse.swift */,
				2FB860E8280745FF00A2AA69 /* ResponseType.swift */,
				2F1AF75E2807EC8C00E0F64C /* PostModel.swift */,
				2F87478D280CCE780046617B /* PermissionModel.swift */,
			);
			path = Model;
			sourceTree = "<group>";
		};
		2FB860DE28073FB100A2AA69 /* Interactor */ = {
			isa = PBXGroup;
			children = (
				2FB860ED2807465000A2AA69 /* Services */,
				2FB860EC2807464B00A2AA69 /* Support */,
				2FB860EA2807464200A2AA69 /* Interactor.swift */,
			);
			path = Interactor;
			sourceTree = "<group>";
		};
		2FB860DF28073FB600A2AA69 /* Repository */ = {
			isa = PBXGroup;
			children = (
				2FB860E02807401800A2AA69 /* StorageRepositoryProtocol.swift */,
				2FB860E22807403B00A2AA69 /* UserRepositoryProtocol.swift */,
			);
			path = Repository;
			sourceTree = "<group>";
		};
		2FB860EC2807464B00A2AA69 /* Support */ = {
			isa = PBXGroup;
			children = (
				2FB860EE2807466000A2AA69 /* AppSettingsInteractor.swift */,
			);
			path = Support;
			sourceTree = "<group>";
		};
		2FB860ED2807465000A2AA69 /* Services */ = {
			isa = PBXGroup;
			children = (
				2F87478F280CD32F0046617B /* ConfigurationPermission */,
				2F1AF7642807F10F00E0F64C /* Post */,
			);
			path = Services;
			sourceTree = "<group>";
		};
/* End PBXGroup section */

/* Begin PBXHeadersBuildPhase section */
		2FB860622807333400A2AA69 /* Headers */ = {
			isa = PBXHeadersBuildPhase;
			buildActionMask = 2147483647;
			files = (
				2FB8606D2807333400A2AA69 /* Domain.h in Headers */,
			);
			runOnlyForDeploymentPostprocessing = 0;
		};
/* End PBXHeadersBuildPhase section */

/* Begin PBXNativeTarget section */
		2FB860662807333400A2AA69 /* Domain */ = {
			isa = PBXNativeTarget;
			buildConfigurationList = 2FB860702807333400A2AA69 /* Build configuration list for PBXNativeTarget "Domain" */;
			buildPhases = (
				2FB860622807333400A2AA69 /* Headers */,
				2FB860632807333400A2AA69 /* Sources */,
				2FB860642807333400A2AA69 /* Frameworks */,
				2FB860652807333400A2AA69 /* Resources */,
			);
			buildRules = (
			);
			dependencies = (
			);
			name = Domain;
			productName = Domain;
			productReference = 2FB860672807333400A2AA69 /* Domain.framework */;
			productType = "com.apple.product-type.framework";
		};
/* End PBXNativeTarget section */

/* Begin PBXProject section */
		2FB8605E2807333400A2AA69 /* Project object */ = {
			isa = PBXProject;
			attributes = {
				BuildIndependentTargetsInParallel = 1;
				LastUpgradeCheck = 1330;
				TargetAttributes = {
					2FB860662807333400A2AA69 = {
						CreatedOnToolsVersion = 13.3.1;
					};
				};
			};
			buildConfigurationList = 2FB860612807333400A2AA69 /* Build configuration list for PBXProject "Domain" */;
			compatibilityVersion = "Xcode 13.0";
			developmentRegion = en;
			hasScannedForEncodings = 0;
			knownRegions = (
				en,
				Base,
			);
			mainGroup = 2FB8605D2807333400A2AA69;
			productRefGroup = 2FB860682807333400A2AA69 /* Products */;
			projectDirPath = "";
			projectRoot = "";
			targets = (
				2FB860662807333400A2AA69 /* Domain */,
			);
		};
/* End PBXProject section */

/* Begin PBXResourcesBuildPhase section */
		2FB860652807333400A2AA69 /* Resources */ = {
			isa = PBXResourcesBuildPhase;
			buildActionMask = 2147483647;
			files = (
			);
			runOnlyForDeploymentPostprocessing = 0;
		};
/* End PBXResourcesBuildPhase section */

/* Begin PBXSourcesBuildPhase section */
		2FB860632807333400A2AA69 /* Sources */ = {
			isa = PBXSourcesBuildPhase;
			buildActionMask = 2147483647;
			files = (
				2FB860E7280745EA00A2AA69 /* ErrorReponse.swift in Sources */,
				2F1AF75F2807EC8C00E0F64C /* PostModel.swift in Sources */,
				2FB860E5280745B700A2AA69 /* User.swift in Sources */,
				2FB860E9280745FF00A2AA69 /* ResponseType.swift in Sources */,
				2F1AF7662807F11A00E0F64C /* PostInteractor.swift in Sources */,
				2FB860EF2807466000A2AA69 /* AppSettingsInteractor.swift in Sources */,
				2FB8606C2807333400A2AA69 /* Domain.docc in Sources */,
				2F87478E280CCE780046617B /* PermissionModel.swift in Sources */,
				2FB860E12807401800A2AA69 /* StorageRepositoryProtocol.swift in Sources */,
				2FB860EB2807464200A2AA69 /* Interactor.swift in Sources */,
				2F874791280CD33F0046617B /* ConfigurationPermissionInteractor.swift in Sources */,
				2FB860E32807403B00A2AA69 /* UserRepositoryProtocol.swift in Sources */,
			);
			runOnlyForDeploymentPostprocessing = 0;
		};
/* End PBXSourcesBuildPhase section */

/* Begin XCBuildConfiguration section */
		2FB8606E2807333400A2AA69 /* Debug */ = {
			isa = XCBuildConfiguration;
			buildSettings = {
				ALWAYS_SEARCH_USER_PATHS = NO;
				CLANG_ANALYZER_NONNULL = YES;
				CLANG_ANALYZER_NUMBER_OBJECT_CONVERSION = YES_AGGRESSIVE;
				CLANG_CXX_LANGUAGE_STANDARD = "gnu++17";
				CLANG_ENABLE_MODULES = YES;
				CLANG_ENABLE_OBJC_ARC = YES;
				CLANG_ENABLE_OBJC_WEAK = YES;
				CLANG_WARN_BLOCK_CAPTURE_AUTORELEASING = YES;
				CLANG_WARN_BOOL_CONVERSION = YES;
				CLANG_WARN_COMMA = YES;
				CLANG_WARN_CONSTANT_CONVERSION = YES;
				CLANG_WARN_DEPRECATED_OBJC_IMPLEMENTATIONS = YES;
				CLANG_WARN_DIRECT_OBJC_ISA_USAGE = YES_ERROR;
				CLANG_WARN_DOCUMENTATION_COMMENTS = YES;
				CLANG_WARN_EMPTY_BODY = YES;
				CLANG_WARN_ENUM_CONVERSION = YES;
				CLANG_WARN_INFINITE_RECURSION = YES;
				CLANG_WARN_INT_CONVERSION = YES;
				CLANG_WARN_NON_LITERAL_NULL_CONVERSION = YES;
				CLANG_WARN_OBJC_IMPLICIT_RETAIN_SELF = YES;
				CLANG_WARN_OBJC_LITERAL_CONVERSION = YES;
				CLANG_WARN_OBJC_ROOT_CLASS = YES_ERROR;
				CLANG_WARN_QUOTED_INCLUDE_IN_FRAMEWORK_HEADER = YES;
				CLANG_WARN_RANGE_LOOP_ANALYSIS = YES;
				CLANG_WARN_STRICT_PROTOTYPES = YES;
				CLANG_WARN_SUSPICIOUS_MOVE = YES;
				CLANG_WARN_UNGUARDED_AVAILABILITY = YES_AGGRESSIVE;
				CLANG_WARN_UNREACHABLE_CODE = YES;
				CLANG_WARN__DUPLICATE_METHOD_MATCH = YES;
				COPY_PHASE_STRIP = NO;
				CURRENT_PROJECT_VERSION = 1;
				DEBUG_INFORMATION_FORMAT = dwarf;
				ENABLE_STRICT_OBJC_MSGSEND = YES;
				ENABLE_TESTABILITY = YES;
				GCC_C_LANGUAGE_STANDARD = gnu11;
				GCC_DYNAMIC_NO_PIC = NO;
				GCC_NO_COMMON_BLOCKS = YES;
				GCC_OPTIMIZATION_LEVEL = 0;
				GCC_PREPROCESSOR_DEFINITIONS = (
					"DEBUG=1",
					"$(inherited)",
				);
				GCC_WARN_64_TO_32_BIT_CONVERSION = YES;
				GCC_WARN_ABOUT_RETURN_TYPE = YES_ERROR;
				GCC_WARN_UNDECLARED_SELECTOR = YES;
				GCC_WARN_UNINITIALIZED_AUTOS = YES_AGGRESSIVE;
				GCC_WARN_UNUSED_FUNCTION = YES;
				GCC_WARN_UNUSED_VARIABLE = YES;
				IPHONEOS_DEPLOYMENT_TARGET = 15.4;
				MTL_ENABLE_DEBUG_INFO = INCLUDE_SOURCE;
				MTL_FAST_MATH = YES;
				ONLY_ACTIVE_ARCH = YES;
				SDKROOT = iphoneos;
				SWIFT_ACTIVE_COMPILATION_CONDITIONS = DEBUG;
				SWIFT_OPTIMIZATION_LEVEL = "-Onone";
				VERSIONING_SYSTEM = "apple-generic";
				VERSION_INFO_PREFIX = "";
			};
			name = Debug;
		};
		2FB8606F2807333400A2AA69 /* Release */ = {
			isa = XCBuildConfiguration;
			buildSettings = {
				ALWAYS_SEARCH_USER_PATHS = NO;
				CLANG_ANALYZER_NONNULL = YES;
				CLANG_ANALYZER_NUMBER_OBJECT_CONVERSION = YES_AGGRESSIVE;
				CLANG_CXX_LANGUAGE_STANDARD = "gnu++17";
				CLANG_ENABLE_MODULES = YES;
				CLANG_ENABLE_OBJC_ARC = YES;
				CLANG_ENABLE_OBJC_WEAK = YES;
				CLANG_WARN_BLOCK_CAPTURE_AUTORELEASING = YES;
				CLANG_WARN_BOOL_CONVERSION = YES;
				CLANG_WARN_COMMA = YES;
				CLANG_WARN_CONSTANT_CONVERSION = YES;
				CLANG_WARN_DEPRECATED_OBJC_IMPLEMENTATIONS = YES;
				CLANG_WARN_DIRECT_OBJC_ISA_USAGE = YES_ERROR;
				CLANG_WARN_DOCUMENTATION_COMMENTS = YES;
				CLANG_WARN_EMPTY_BODY = YES;
				CLANG_WARN_ENUM_CONVERSION = YES;
				CLANG_WARN_INFINITE_RECURSION = YES;
				CLANG_WARN_INT_CONVERSION = YES;
				CLANG_WARN_NON_LITERAL_NULL_CONVERSION = YES;
				CLANG_WARN_OBJC_IMPLICIT_RETAIN_SELF = YES;
				CLANG_WARN_OBJC_LITERAL_CONVERSION = YES;
				CLANG_WARN_OBJC_ROOT_CLASS = YES_ERROR;
				CLANG_WARN_QUOTED_INCLUDE_IN_FRAMEWORK_HEADER = YES;
				CLANG_WARN_RANGE_LOOP_ANALYSIS = YES;
				CLANG_WARN_STRICT_PROTOTYPES = YES;
				CLANG_WARN_SUSPICIOUS_MOVE = YES;
				CLANG_WARN_UNGUARDED_AVAILABILITY = YES_AGGRESSIVE;
				CLANG_WARN_UNREACHABLE_CODE = YES;
				CLANG_WARN__DUPLICATE_METHOD_MATCH = YES;
				COPY_PHASE_STRIP = NO;
				CURRENT_PROJECT_VERSION = 1;
				DEBUG_INFORMATION_FORMAT = "dwarf-with-dsym";
				ENABLE_NS_ASSERTIONS = NO;
				ENABLE_STRICT_OBJC_MSGSEND = YES;
				GCC_C_LANGUAGE_STANDARD = gnu11;
				GCC_NO_COMMON_BLOCKS = YES;
				GCC_WARN_64_TO_32_BIT_CONVERSION = YES;
				GCC_WARN_ABOUT_RETURN_TYPE = YES_ERROR;
				GCC_WARN_UNDECLARED_SELECTOR = YES;
				GCC_WARN_UNINITIALIZED_AUTOS = YES_AGGRESSIVE;
				GCC_WARN_UNUSED_FUNCTION = YES;
				GCC_WARN_UNUSED_VARIABLE = YES;
				IPHONEOS_DEPLOYMENT_TARGET = 15.4;
				MTL_ENABLE_DEBUG_INFO = NO;
				MTL_FAST_MATH = YES;
				SDKROOT = iphoneos;
				SWIFT_COMPILATION_MODE = wholemodule;
				SWIFT_OPTIMIZATION_LEVEL = "-O";
				VALIDATE_PRODUCT = YES;
				VERSIONING_SYSTEM = "apple-generic";
				VERSION_INFO_PREFIX = "";
			};
			name = Release;
		};
		2FB860712807333400A2AA69 /* Debug */ = {
			isa = XCBuildConfiguration;
			buildSettings = {
				CODE_SIGN_STYLE = Automatic;
				CURRENT_PROJECT_VERSION = 1;
				DEFINES_MODULE = YES;
				DEVELOPMENT_TEAM = 22P58SR4VW;
				DYLIB_COMPATIBILITY_VERSION = 1;
				DYLIB_CURRENT_VERSION = 1;
				DYLIB_INSTALL_NAME_BASE = "@rpath";
				GENERATE_INFOPLIST_FILE = YES;
				INFOPLIST_KEY_NSHumanReadableCopyright = "";
				INSTALL_PATH = "$(LOCAL_LIBRARY_DIR)/Frameworks";
				LD_RUNPATH_SEARCH_PATHS = (
					"$(inherited)",
					"@executable_path/Frameworks",
					"@loader_path/Frameworks",
				);
				MARKETING_VERSION = 1.0;
				PRODUCT_BUNDLE_IDENTIFIER = com.mvelasquezherrera.Domain;
				PRODUCT_NAME = "$(TARGET_NAME:c99extidentifier)";
				SKIP_INSTALL = YES;
				SWIFT_EMIT_LOC_STRINGS = YES;
				SWIFT_VERSION = 5.0;
				TARGETED_DEVICE_FAMILY = "1,2";
			};
			name = Debug;
		};
		2FB860722807333400A2AA69 /* Release */ = {
			isa = XCBuildConfiguration;
			buildSettings = {
				CODE_SIGN_STYLE = Automatic;
				CURRENT_PROJECT_VERSION = 1;
				DEFINES_MODULE = YES;
				DEVELOPMENT_TEAM = 22P58SR4VW;
				DYLIB_COMPATIBILITY_VERSION = 1;
				DYLIB_CURRENT_VERSION = 1;
				DYLIB_INSTALL_NAME_BASE = "@rpath";
				GENERATE_INFOPLIST_FILE = YES;
				INFOPLIST_KEY_NSHumanReadableCopyright = "";
				INSTALL_PATH = "$(LOCAL_LIBRARY_DIR)/Frameworks";
				LD_RUNPATH_SEARCH_PATHS = (
					"$(inherited)",
					"@executable_path/Frameworks",
					"@loader_path/Frameworks",
				);
				MARKETING_VERSION = 1.0;
				PRODUCT_BUNDLE_IDENTIFIER = com.mvelasquezherrera.Domain;
				PRODUCT_NAME = "$(TARGET_NAME:c99extidentifier)";
				SKIP_INSTALL = YES;
				SWIFT_EMIT_LOC_STRINGS = YES;
				SWIFT_VERSION = 5.0;
				TARGETED_DEVICE_FAMILY = "1,2";
			};
			name = Release;
		};
/* End XCBuildConfiguration section */

/* Begin XCConfigurationList section */
		2FB860612807333400A2AA69 /* Build configuration list for PBXProject "Domain" */ = {
			isa = XCConfigurationList;
			buildConfigurations = (
				2FB8606E2807333400A2AA69 /* Debug */,
				2FB8606F2807333400A2AA69 /* Release */,
			);
			defaultConfigurationIsVisible = 0;
			defaultConfigurationName = Release;
		};
		2FB860702807333400A2AA69 /* Build configuration list for PBXNativeTarget "Domain" */ = {
			isa = XCConfigurationList;
			buildConfigurations = (
				2FB860712807333400A2AA69 /* Debug */,
				2FB860722807333400A2AA69 /* Release */,
			);
			defaultConfigurationIsVisible = 0;
			defaultConfigurationName = Release;
		};
/* End XCConfigurationList section */
	};
	rootObject = 2FB8605E2807333400A2AA69 /* Project object */;
}
